PODS:
  - PromisesObjC (1.2.12)
  - PromisesSwift (1.2.12):
    - PromisesObjC (= 1.2.12)
  - TwilioVideo (4.3.0)

DEPENDENCIES:
  - PromisesSwift
  - TwilioVideo (~> 4.3)

SPEC REPOS:
  https://github.com/CocoaPods/Specs.git:
    - PromisesObjC
    - PromisesSwift
    - TwilioVideo

SPEC CHECKSUMS:
  PromisesObjC: 3113f7f76903778cf4a0586bd1ab89329a0b7b97
  PromisesSwift: 64085cf6e5fc1b5001f90cf31e87a1f1621fefee
  TwilioVideo: 1ece3d954245b02244ea613408f6a4413ff54987

PODFILE CHECKSUM: a487c0e0be0cd6b1fe9f3e57c78d57961475382c

COCOAPODS: 1.9.3
