// !$*UTF8*$!
{
	archiveVersion = 1;
	classes = {
	};
	objectVersion = 50;
	objects = {

/* Begin PBXBuildFile section */
		3022BBC926309B4A001BCE43 /* CategoryViewController.swift in Sources */ = {isa = PBXBuildFile; fileRef = 3022BBC826309B4A001BCE43 /* CategoryViewController.swift */; };
		3022BBCC26309B5D001BCE43 /* CategoryTableViewCell.swift in Sources */ = {isa = PBXBuildFile; fileRef = 3022BBCB26309B5D001BCE43 /* CategoryTableViewCell.swift */; };
		7C57EF62261F3C4B00926FC4 /* MainViewController.swift in Sources */ = {isa = PBXBuildFile; fileRef = 7C57EF61261F3C4B00926FC4 /* MainViewController.swift */; };
		7C57EF65261F4BED00926FC4 /* ProfileMainView.swift in Sources */ = {isa = PBXBuildFile; fileRef = 7C57EF64261F4BED00926FC4 /* ProfileMainView.swift */; };
		7C57EF6F262B131000926FC4 /* LobbyViewController.swift in Sources */ = {isa = PBXBuildFile; fileRef = 7C57EF6E262B131000926FC4 /* LobbyViewController.swift */; };
		7C57EF75262B1C4B00926FC4 /* LobbyTableViewCell.swift in Sources */ = {isa = PBXBuildFile; fileRef = 7C57EF74262B1C4B00926FC4 /* LobbyTableViewCell.swift */; };
		7C57EF832630215D00926FC4 /* RankingViewController.swift in Sources */ = {isa = PBXBuildFile; fileRef = 7C57EF822630215D00926FC4 /* RankingViewController.swift */; };
		7C57EF862630230800926FC4 /* RankingTableViewCell.swift in Sources */ = {isa = PBXBuildFile; fileRef = 7C57EF852630230800926FC4 /* RankingTableViewCell.swift */; };
		7C57EF8D263030D700926FC4 /* TabBarViewController.swift in Sources */ = {isa = PBXBuildFile; fileRef = 7C57EF8C263030D700926FC4 /* TabBarViewController.swift */; };
		A9635E8C26395F51006147A9 /* LoginViewController.swift in Sources */ = {isa = PBXBuildFile; fileRef = A9635E8B26395F51006147A9 /* LoginViewController.swift */; };
		A9635E8F26396237006147A9 /* RegisterViewController.swift in Sources */ = {isa = PBXBuildFile; fileRef = A9635E8E26396237006147A9 /* RegisterViewController.swift */; };
		A9A08B4E26305C1F001E3EA7 /* ShopViewController.swift in Sources */ = {isa = PBXBuildFile; fileRef = A9A08B4D26305C1F001E3EA7 /* ShopViewController.swift */; };
		A9E813CB2630AF9800A728A5 /* ProfileView.swift in Sources */ = {isa = PBXBuildFile; fileRef = A9E813CA2630AF9800A728A5 /* ProfileView.swift */; };
		C455F015268D80169CAF7892 /* libPods-ClownRoyale.a in Frameworks */ = {isa = PBXBuildFile; fileRef = 32A4C0D1B763A09BCBF70923 /* libPods-ClownRoyale.a */; };
		DD74E8B2262F1823008725FB /* WatcherPerspectiveViewController.swift in Sources */ = {isa = PBXBuildFile; fileRef = DD74E8B1262F1823008725FB /* WatcherPerspectiveViewController.swift */; };
		DD74E8B5262F21C2008725FB /* OwnPerspectiveViewController.swift in Sources */ = {isa = PBXBuildFile; fileRef = DD74E8B4262F21C2008725FB /* OwnPerspectiveViewController.swift */; };
		DD74E8B8262F2C8D008725FB /* VotingTableViewCell.swift in Sources */ = {isa = PBXBuildFile; fileRef = DD74E8B7262F2C8D008725FB /* VotingTableViewCell.swift */; };
		DDB4D022261F361300D496C5 /* AppDelegate.swift in Sources */ = {isa = PBXBuildFile; fileRef = DDB4D021261F361300D496C5 /* AppDelegate.swift */; };
		DDB4D024261F361300D496C5 /* SceneDelegate.swift in Sources */ = {isa = PBXBuildFile; fileRef = DDB4D023261F361300D496C5 /* SceneDelegate.swift */; };
		DDB4D026261F361300D496C5 /* ViewController.swift in Sources */ = {isa = PBXBuildFile; fileRef = DDB4D025261F361300D496C5 /* ViewController.swift */; };
		DDB4D029261F361300D496C5 /* Main.storyboard in Resources */ = {isa = PBXBuildFile; fileRef = DDB4D027261F361300D496C5 /* Main.storyboard */; };
		DDB4D02B261F361400D496C5 /* Assets.xcassets in Resources */ = {isa = PBXBuildFile; fileRef = DDB4D02A261F361400D496C5 /* Assets.xcassets */; };
		DDB4D02E261F361400D496C5 /* LaunchScreen.storyboard in Resources */ = {isa = PBXBuildFile; fileRef = DDB4D02C261F361400D496C5 /* LaunchScreen.storyboard */; };
/* End PBXBuildFile section */

/* Begin PBXFileReference section */
		18293397651E93F08A954C70 /* Pods-ClownRoyale.debug.xcconfig */ = {isa = PBXFileReference; includeInIndex = 1; lastKnownFileType = text.xcconfig; name = "Pods-ClownRoyale.debug.xcconfig"; path = "Target Support Files/Pods-ClownRoyale/Pods-ClownRoyale.debug.xcconfig"; sourceTree = "<group>"; };
		3022BBC826309B4A001BCE43 /* CategoryViewController.swift */ = {isa = PBXFileReference; lastKnownFileType = sourcecode.swift; path = CategoryViewController.swift; sourceTree = "<group>"; };
		3022BBCB26309B5D001BCE43 /* CategoryTableViewCell.swift */ = {isa = PBXFileReference; lastKnownFileType = sourcecode.swift; path = CategoryTableViewCell.swift; sourceTree = "<group>"; };
		32A4C0D1B763A09BCBF70923 /* libPods-ClownRoyale.a */ = {isa = PBXFileReference; explicitFileType = archive.ar; includeInIndex = 0; path = "libPods-ClownRoyale.a"; sourceTree = BUILT_PRODUCTS_DIR; };
		7BB3D14585B6068C0A1DB1B8 /* Pods-ClownRoyale.release.xcconfig */ = {isa = PBXFileReference; includeInIndex = 1; lastKnownFileType = text.xcconfig; name = "Pods-ClownRoyale.release.xcconfig"; path = "Target Support Files/Pods-ClownRoyale/Pods-ClownRoyale.release.xcconfig"; sourceTree = "<group>"; };
		7C57EF61261F3C4B00926FC4 /* MainViewController.swift */ = {isa = PBXFileReference; lastKnownFileType = sourcecode.swift; path = MainViewController.swift; sourceTree = "<group>"; };
		7C57EF64261F4BED00926FC4 /* ProfileMainView.swift */ = {isa = PBXFileReference; lastKnownFileType = sourcecode.swift; path = ProfileMainView.swift; sourceTree = "<group>"; };
		7C57EF6E262B131000926FC4 /* LobbyViewController.swift */ = {isa = PBXFileReference; lastKnownFileType = sourcecode.swift; path = LobbyViewController.swift; sourceTree = "<group>"; };
		7C57EF74262B1C4B00926FC4 /* LobbyTableViewCell.swift */ = {isa = PBXFileReference; lastKnownFileType = sourcecode.swift; path = LobbyTableViewCell.swift; sourceTree = "<group>"; };
		7C57EF822630215D00926FC4 /* RankingViewController.swift */ = {isa = PBXFileReference; lastKnownFileType = sourcecode.swift; path = RankingViewController.swift; sourceTree = "<group>"; };
		7C57EF852630230800926FC4 /* RankingTableViewCell.swift */ = {isa = PBXFileReference; lastKnownFileType = sourcecode.swift; path = RankingTableViewCell.swift; sourceTree = "<group>"; };
		7C57EF8C263030D700926FC4 /* TabBarViewController.swift */ = {isa = PBXFileReference; lastKnownFileType = sourcecode.swift; path = TabBarViewController.swift; sourceTree = "<group>"; };
		A9635E8B26395F51006147A9 /* LoginViewController.swift */ = {isa = PBXFileReference; lastKnownFileType = sourcecode.swift; path = LoginViewController.swift; sourceTree = "<group>"; };
		A9635E8E26396237006147A9 /* RegisterViewController.swift */ = {isa = PBXFileReference; lastKnownFileType = sourcecode.swift; path = RegisterViewController.swift; sourceTree = "<group>"; };
		A9A08B4D26305C1F001E3EA7 /* ShopViewController.swift */ = {isa = PBXFileReference; lastKnownFileType = sourcecode.swift; path = ShopViewController.swift; sourceTree = "<group>"; };
		A9E813CA2630AF9800A728A5 /* ProfileView.swift */ = {isa = PBXFileReference; lastKnownFileType = sourcecode.swift; path = ProfileView.swift; sourceTree = "<group>"; };
		DD74E8B1262F1823008725FB /* WatcherPerspectiveViewController.swift */ = {isa = PBXFileReference; lastKnownFileType = sourcecode.swift; path = WatcherPerspectiveViewController.swift; sourceTree = "<group>"; };
		DD74E8B4262F21C2008725FB /* OwnPerspectiveViewController.swift */ = {isa = PBXFileReference; lastKnownFileType = sourcecode.swift; path = OwnPerspectiveViewController.swift; sourceTree = "<group>"; };
		DD74E8B7262F2C8D008725FB /* VotingTableViewCell.swift */ = {isa = PBXFileReference; lastKnownFileType = sourcecode.swift; path = VotingTableViewCell.swift; sourceTree = "<group>"; };
		DDB4D01E261F361300D496C5 /* ClownRoyale.app */ = {isa = PBXFileReference; explicitFileType = wrapper.application; includeInIndex = 0; path = ClownRoyale.app; sourceTree = BUILT_PRODUCTS_DIR; };
		DDB4D021261F361300D496C5 /* AppDelegate.swift */ = {isa = PBXFileReference; lastKnownFileType = sourcecode.swift; path = AppDelegate.swift; sourceTree = "<group>"; };
		DDB4D023261F361300D496C5 /* SceneDelegate.swift */ = {isa = PBXFileReference; lastKnownFileType = sourcecode.swift; path = SceneDelegate.swift; sourceTree = "<group>"; };
		DDB4D025261F361300D496C5 /* ViewController.swift */ = {isa = PBXFileReference; lastKnownFileType = sourcecode.swift; path = ViewController.swift; sourceTree = "<group>"; };
		DDB4D028261F361300D496C5 /* Base */ = {isa = PBXFileReference; lastKnownFileType = file.storyboard; name = Base; path = Base.lproj/Main.storyboard; sourceTree = "<group>"; };
		DDB4D02A261F361400D496C5 /* Assets.xcassets */ = {isa = PBXFileReference; lastKnownFileType = folder.assetcatalog; path = Assets.xcassets; sourceTree = "<group>"; };
		DDB4D02D261F361400D496C5 /* Base */ = {isa = PBXFileReference; lastKnownFileType = file.storyboard; name = Base; path = Base.lproj/LaunchScreen.storyboard; sourceTree = "<group>"; };
		DDB4D02F261F361400D496C5 /* Info.plist */ = {isa = PBXFileReference; lastKnownFileType = text.plist.xml; path = Info.plist; sourceTree = "<group>"; };
/* End PBXFileReference section */

/* Begin PBXFrameworksBuildPhase section */
		DDB4D01B261F361300D496C5 /* Frameworks */ = {
			isa = PBXFrameworksBuildPhase;
			buildActionMask = 2147483647;
			files = (
				C455F015268D80169CAF7892 /* libPods-ClownRoyale.a in Frameworks */,
			);
			runOnlyForDeploymentPostprocessing = 0;
		};
/* End PBXFrameworksBuildPhase section */

/* Begin PBXGroup section */
		792BACE107285C64DD0501C2 /* Pods */ = {
			isa = PBXGroup;
			children = (
				18293397651E93F08A954C70 /* Pods-ClownRoyale.debug.xcconfig */,
				7BB3D14585B6068C0A1DB1B8 /* Pods-ClownRoyale.release.xcconfig */,
			);
			name = Pods;
			path = Pods;
			sourceTree = "<group>";
		};
		DDB4D015261F361300D496C5 = {
			isa = PBXGroup;
			children = (
				DDB4D020261F361300D496C5 /* ClownRoyale */,
				DDB4D01F261F361300D496C5 /* Products */,
				792BACE107285C64DD0501C2 /* Pods */,
				F0A36A05905BC8BAAB8893E6 /* Frameworks */,
			);
			sourceTree = "<group>";
		};
		DDB4D01F261F361300D496C5 /* Products */ = {
			isa = PBXGroup;
			children = (
				DDB4D01E261F361300D496C5 /* ClownRoyale.app */,
			);
			name = Products;
			sourceTree = "<group>";
		};
		DDB4D020261F361300D496C5 /* ClownRoyale */ = {
			isa = PBXGroup;
			children = (
				DDB4D021261F361300D496C5 /* AppDelegate.swift */,
				DDB4D023261F361300D496C5 /* SceneDelegate.swift */,
				DDB4D025261F361300D496C5 /* ViewController.swift */,
				DDB4D027261F361300D496C5 /* Main.storyboard */,
				A9635E8E26396237006147A9 /* RegisterViewController.swift */,
				A9635E8B26395F51006147A9 /* LoginViewController.swift */,
				3022BBC826309B4A001BCE43 /* CategoryViewController.swift */,
				3022BBCB26309B5D001BCE43 /* CategoryTableViewCell.swift */,
				A9E813CA2630AF9800A728A5 /* ProfileView.swift */,
				A9A08B4D26305C1F001E3EA7 /* ShopViewController.swift */,
				7C57EF8C263030D700926FC4 /* TabBarViewController.swift */,
				7C57EF822630215D00926FC4 /* RankingViewController.swift */,
				7C57EF852630230800926FC4 /* RankingTableViewCell.swift */,
				DD74E8B7262F2C8D008725FB /* VotingTableViewCell.swift */,
				DD74E8B4262F21C2008725FB /* OwnPerspectiveViewController.swift */,
				DD74E8B1262F1823008725FB /* WatcherPerspectiveViewController.swift */,
				7C57EF74262B1C4B00926FC4 /* LobbyTableViewCell.swift */,
				7C57EF6E262B131000926FC4 /* LobbyViewController.swift */,
				DDB4D02A261F361400D496C5 /* Assets.xcassets */,
				7C57EF61261F3C4B00926FC4 /* MainViewController.swift */,
				7C57EF64261F4BED00926FC4 /* ProfileMainView.swift */,
				DDB4D02C261F361400D496C5 /* LaunchScreen.storyboard */,
				DDB4D02F261F361400D496C5 /* Info.plist */,
			);
			path = ClownRoyale;
			sourceTree = "<group>";
		};
		F0A36A05905BC8BAAB8893E6 /* Frameworks */ = {
			isa = PBXGroup;
			children = (
				32A4C0D1B763A09BCBF70923 /* libPods-ClownRoyale.a */,
			);
			name = Frameworks;
			sourceTree = "<group>";
		};
/* End PBXGroup section */

/* Begin PBXNativeTarget section */
		DDB4D01D261F361300D496C5 /* ClownRoyale */ = {
			isa = PBXNativeTarget;
			buildConfigurationList = DDB4D032261F361400D496C5 /* Build configuration list for PBXNativeTarget "ClownRoyale" */;
			buildPhases = (
				04DBF97E8D34D9A6F8BB6CF4 /* [CP] Check Pods Manifest.lock */,
				DDB4D01A261F361300D496C5 /* Sources */,
				DDB4D01B261F361300D496C5 /* Frameworks */,
				DDB4D01C261F361300D496C5 /* Resources */,
				8F078405B16D47AE28F93D49 /* [CP] Embed Pods Frameworks */,
			);
			buildRules = (
			);
			dependencies = (
			);
			name = ClownRoyale;
			productName = ClownRoyale;
			productReference = DDB4D01E261F361300D496C5 /* ClownRoyale.app */;
			productType = "com.apple.product-type.application";
		};
/* End PBXNativeTarget section */

/* Begin PBXProject section */
		DDB4D016261F361300D496C5 /* Project object */ = {
			isa = PBXProject;
			attributes = {
				LastSwiftUpdateCheck = 1230;
				LastUpgradeCheck = 1230;
				TargetAttributes = {
					DDB4D01D261F361300D496C5 = {
						CreatedOnToolsVersion = 12.3;
					};
				};
			};
			buildConfigurationList = DDB4D019261F361300D496C5 /* Build configuration list for PBXProject "ClownRoyale" */;
			compatibilityVersion = "Xcode 9.3";
			developmentRegion = en;
			hasScannedForEncodings = 0;
			knownRegions = (
				en,
				Base,
			);
			mainGroup = DDB4D015261F361300D496C5;
			productRefGroup = DDB4D01F261F361300D496C5 /* Products */;
			projectDirPath = "";
			projectRoot = "";
			targets = (
				DDB4D01D261F361300D496C5 /* ClownRoyale */,
			);
		};
/* End PBXProject section */

/* Begin PBXResourcesBuildPhase section */
		DDB4D01C261F361300D496C5 /* Resources */ = {
			isa = PBXResourcesBuildPhase;
			buildActionMask = 2147483647;
			files = (
				DDB4D02E261F361400D496C5 /* LaunchScreen.storyboard in Resources */,
				DDB4D02B261F361400D496C5 /* Assets.xcassets in Resources */,
				DDB4D029261F361300D496C5 /* Main.storyboard in Resources */,
			);
			runOnlyForDeploymentPostprocessing = 0;
		};
/* End PBXResourcesBuildPhase section */

/* Begin PBXShellScriptBuildPhase section */
		04DBF97E8D34D9A6F8BB6CF4 /* [CP] Check Pods Manifest.lock */ = {
			isa = PBXShellScriptBuildPhase;
			buildActionMask = 2147483647;
			files = (
			);
			inputFileListPaths = (
			);
			inputPaths = (
				"${PODS_PODFILE_DIR_PATH}/Podfile.lock",
				"${PODS_ROOT}/Manifest.lock",
			);
			name = "[CP] Check Pods Manifest.lock";
			outputFileListPaths = (
			);
			outputPaths = (
				"$(DERIVED_FILE_DIR)/Pods-ClownRoyale-checkManifestLockResult.txt",
			);
			runOnlyForDeploymentPostprocessing = 0;
			shellPath = /bin/sh;
			shellScript = "diff \"${PODS_PODFILE_DIR_PATH}/Podfile.lock\" \"${PODS_ROOT}/Manifest.lock\" > /dev/null\nif [ $? != 0 ] ; then\n    # print error to STDERR\n    echo \"error: The sandbox is not in sync with the Podfile.lock. Run 'pod install' or update your CocoaPods installation.\" >&2\n    exit 1\nfi\n# This output is used by Xcode 'outputs' to avoid re-running this script phase.\necho \"SUCCESS\" > \"${SCRIPT_OUTPUT_FILE_0}\"\n";
			showEnvVarsInLog = 0;
		};
		8F078405B16D47AE28F93D49 /* [CP] Embed Pods Frameworks */ = {
			isa = PBXShellScriptBuildPhase;
			buildActionMask = 2147483647;
			files = (
			);
			inputFileListPaths = (
				"${PODS_ROOT}/Target Support Files/Pods-ClownRoyale/Pods-ClownRoyale-frameworks-${CONFIGURATION}-input-files.xcfilelist",
			);
			name = "[CP] Embed Pods Frameworks";
			outputFileListPaths = (
				"${PODS_ROOT}/Target Support Files/Pods-ClownRoyale/Pods-ClownRoyale-frameworks-${CONFIGURATION}-output-files.xcfilelist",
			);
			runOnlyForDeploymentPostprocessing = 0;
			shellPath = /bin/sh;
			shellScript = "\"${PODS_ROOT}/Target Support Files/Pods-ClownRoyale/Pods-ClownRoyale-frameworks.sh\"\n";
			showEnvVarsInLog = 0;
		};
/* End PBXShellScriptBuildPhase section */

/* Begin PBXSourcesBuildPhase section */
		DDB4D01A261F361300D496C5 /* Sources */ = {
			isa = PBXSourcesBuildPhase;
			buildActionMask = 2147483647;
			files = (
				A9635E8C26395F51006147A9 /* LoginViewController.swift in Sources */,
				DD74E8B2262F1823008725FB /* WatcherPerspectiveViewController.swift in Sources */,
				DDB4D026261F361300D496C5 /* ViewController.swift in Sources */,
				A9A08B4E26305C1F001E3EA7 /* ShopViewController.swift in Sources */,
				A9635E8F26396237006147A9 /* RegisterViewController.swift in Sources */,
				7C57EF862630230800926FC4 /* RankingTableViewCell.swift in Sources */,
				3022BBC926309B4A001BCE43 /* CategoryViewController.swift in Sources */,
				DD74E8B8262F2C8D008725FB /* VotingTableViewCell.swift in Sources */,
				DDB4D022261F361300D496C5 /* AppDelegate.swift in Sources */,
				DDB4D024261F361300D496C5 /* SceneDelegate.swift in Sources */,
				A9E813CB2630AF9800A728A5 /* ProfileView.swift in Sources */,
				7C57EF6F262B131000926FC4 /* LobbyViewController.swift in Sources */,
				7C57EF62261F3C4B00926FC4 /* MainViewController.swift in Sources */,
				7C57EF75262B1C4B00926FC4 /* LobbyTableViewCell.swift in Sources */,
				7C57EF65261F4BED00926FC4 /* ProfileMainView.swift in Sources */,
				7C57EF8D263030D700926FC4 /* TabBarViewController.swift in Sources */,
				DD74E8B5262F21C2008725FB /* OwnPerspectiveViewController.swift in Sources */,
				7C57EF832630215D00926FC4 /* RankingViewController.swift in Sources */,
				3022BBCC26309B5D001BCE43 /* CategoryTableViewCell.swift in Sources */,
			);
			runOnlyForDeploymentPostprocessing = 0;
		};
/* End PBXSourcesBuildPhase section */

/* Begin PBXVariantGroup section */
		DDB4D027261F361300D496C5 /* Main.storyboard */ = {
			isa = PBXVariantGroup;
			children = (
				DDB4D028261F361300D496C5 /* Base */,
			);
			name = Main.storyboard;
			sourceTree = "<group>";
		};
		DDB4D02C261F361400D496C5 /* LaunchScreen.storyboard */ = {
			isa = PBXVariantGroup;
			children = (
				DDB4D02D261F361400D496C5 /* Base */,
			);
			name = LaunchScreen.storyboard;
			sourceTree = "<group>";
		};
/* End PBXVariantGroup section */

/* Begin XCBuildConfiguration section */
		DDB4D030261F361400D496C5 /* Debug */ = {
			isa = XCBuildConfiguration;
			buildSettings = {
				ALWAYS_SEARCH_USER_PATHS = NO;
				CLANG_ANALYZER_NONNULL = YES;
				CLANG_ANALYZER_NUMBER_OBJECT_CONVERSION = YES_AGGRESSIVE;
				CLANG_CXX_LANGUAGE_STANDARD = "gnu++14";
				CLANG_CXX_LIBRARY = "libc++";
				CLANG_ENABLE_MODULES = YES;
				CLANG_ENABLE_OBJC_ARC = YES;
				CLANG_ENABLE_OBJC_WEAK = YES;
				CLANG_WARN_BLOCK_CAPTURE_AUTORELEASING = YES;
				CLANG_WARN_BOOL_CONVERSION = YES;
				CLANG_WARN_COMMA = YES;
				CLANG_WARN_CONSTANT_CONVERSION = YES;
				CLANG_WARN_DEPRECATED_OBJC_IMPLEMENTATIONS = YES;
				CLANG_WARN_DIRECT_OBJC_ISA_USAGE = YES_ERROR;
				CLANG_WARN_DOCUMENTATION_COMMENTS = YES;
				CLANG_WARN_EMPTY_BODY = YES;
				CLANG_WARN_ENUM_CONVERSION = YES;
				CLANG_WARN_INFINITE_RECURSION = YES;
				CLANG_WARN_INT_CONVERSION = YES;
				CLANG_WARN_NON_LITERAL_NULL_CONVERSION = YES;
				CLANG_WARN_OBJC_IMPLICIT_RETAIN_SELF = YES;
				CLANG_WARN_OBJC_LITERAL_CONVERSION = YES;
				CLANG_WARN_OBJC_ROOT_CLASS = YES_ERROR;
				CLANG_WARN_QUOTED_INCLUDE_IN_FRAMEWORK_HEADER = YES;
				CLANG_WARN_RANGE_LOOP_ANALYSIS = YES;
				CLANG_WARN_STRICT_PROTOTYPES = YES;
				CLANG_WARN_SUSPICIOUS_MOVE = YES;
				CLANG_WARN_UNGUARDED_AVAILABILITY = YES_AGGRESSIVE;
				CLANG_WARN_UNREACHABLE_CODE = YES;
				CLANG_WARN__DUPLICATE_METHOD_MATCH = YES;
				COPY_PHASE_STRIP = NO;
				DEBUG_INFORMATION_FORMAT = dwarf;
				ENABLE_STRICT_OBJC_MSGSEND = YES;
				ENABLE_TESTABILITY = YES;
				GCC_C_LANGUAGE_STANDARD = gnu11;
				GCC_DYNAMIC_NO_PIC = NO;
				GCC_NO_COMMON_BLOCKS = YES;
				GCC_OPTIMIZATION_LEVEL = 0;
				GCC_PREPROCESSOR_DEFINITIONS = (
					"DEBUG=1",
					"$(inherited)",
				);
				GCC_WARN_64_TO_32_BIT_CONVERSION = YES;
				GCC_WARN_ABOUT_RETURN_TYPE = YES_ERROR;
				GCC_WARN_UNDECLARED_SELECTOR = YES;
				GCC_WARN_UNINITIALIZED_AUTOS = YES_AGGRESSIVE;
				GCC_WARN_UNUSED_FUNCTION = YES;
				GCC_WARN_UNUSED_VARIABLE = YES;
				IPHONEOS_DEPLOYMENT_TARGET = 14.3;
				MTL_ENABLE_DEBUG_INFO = INCLUDE_SOURCE;
				MTL_FAST_MATH = YES;
				ONLY_ACTIVE_ARCH = YES;
				SDKROOT = iphoneos;
				SWIFT_ACTIVE_COMPILATION_CONDITIONS = DEBUG;
				SWIFT_OPTIMIZATION_LEVEL = "-Onone";
			};
			name = Debug;
		};
		DDB4D031261F361400D496C5 /* Release */ = {
			isa = XCBuildConfiguration;
			buildSettings = {
				ALWAYS_SEARCH_USER_PATHS = NO;
				CLANG_ANALYZER_NONNULL = YES;
				CLANG_ANALYZER_NUMBER_OBJECT_CONVERSION = YES_AGGRESSIVE;
				CLANG_CXX_LANGUAGE_STANDARD = "gnu++14";
				CLANG_CXX_LIBRARY = "libc++";
				CLANG_ENABLE_MODULES = YES;
				CLANG_ENABLE_OBJC_ARC = YES;
				CLANG_ENABLE_OBJC_WEAK = YES;
				CLANG_WARN_BLOCK_CAPTURE_AUTORELEASING = YES;
				CLANG_WARN_BOOL_CONVERSION = YES;
				CLANG_WARN_COMMA = YES;
				CLANG_WARN_CONSTANT_CONVERSION = YES;
				CLANG_WARN_DEPRECATED_OBJC_IMPLEMENTATIONS = YES;
				CLANG_WARN_DIRECT_OBJC_ISA_USAGE = YES_ERROR;
				CLANG_WARN_DOCUMENTATION_COMMENTS = YES;
				CLANG_WARN_EMPTY_BODY = YES;
				CLANG_WARN_ENUM_CONVERSION = YES;
				CLANG_WARN_INFINITE_RECURSION = YES;
				CLANG_WARN_INT_CONVERSION = YES;
				CLANG_WARN_NON_LITERAL_NULL_CONVERSION = YES;
				CLANG_WARN_OBJC_IMPLICIT_RETAIN_SELF = YES;
				CLANG_WARN_OBJC_LITERAL_CONVERSION = YES;
				CLANG_WARN_OBJC_ROOT_CLASS = YES_ERROR;
				CLANG_WARN_QUOTED_INCLUDE_IN_FRAMEWORK_HEADER = YES;
				CLANG_WARN_RANGE_LOOP_ANALYSIS = YES;
				CLANG_WARN_STRICT_PROTOTYPES = YES;
				CLANG_WARN_SUSPICIOUS_MOVE = YES;
				CLANG_WARN_UNGUARDED_AVAILABILITY = YES_AGGRESSIVE;
				CLANG_WARN_UNREACHABLE_CODE = YES;
				CLANG_WARN__DUPLICATE_METHOD_MATCH = YES;
				COPY_PHASE_STRIP = NO;
				DEBUG_INFORMATION_FORMAT = "dwarf-with-dsym";
				ENABLE_NS_ASSERTIONS = NO;
				ENABLE_STRICT_OBJC_MSGSEND = YES;
				GCC_C_LANGUAGE_STANDARD = gnu11;
				GCC_NO_COMMON_BLOCKS = YES;
				GCC_WARN_64_TO_32_BIT_CONVERSION = YES;
				GCC_WARN_ABOUT_RETURN_TYPE = YES_ERROR;
				GCC_WARN_UNDECLARED_SELECTOR = YES;
				GCC_WARN_UNINITIALIZED_AUTOS = YES_AGGRESSIVE;
				GCC_WARN_UNUSED_FUNCTION = YES;
				GCC_WARN_UNUSED_VARIABLE = YES;
				IPHONEOS_DEPLOYMENT_TARGET = 14.3;
				MTL_ENABLE_DEBUG_INFO = NO;
				MTL_FAST_MATH = YES;
				SDKROOT = iphoneos;
				SWIFT_COMPILATION_MODE = wholemodule;
				SWIFT_OPTIMIZATION_LEVEL = "-O";
				VALIDATE_PRODUCT = YES;
			};
			name = Release;
		};
		DDB4D033261F361400D496C5 /* Debug */ = {
			isa = XCBuildConfiguration;
			baseConfigurationReference = 18293397651E93F08A954C70 /* Pods-ClownRoyale.debug.xcconfig */;
			buildSettings = {
				ASSETCATALOG_COMPILER_APPICON_NAME = AppIcon;
				ASSETCATALOG_COMPILER_GLOBAL_ACCENT_COLOR_NAME = AccentColor;
				CODE_SIGN_STYLE = Automatic;
				DEVELOPMENT_TEAM = R2MS7GG386;
				INFOPLIST_FILE = ClownRoyale/Info.plist;
				LD_RUNPATH_SEARCH_PATHS = (
					"$(inherited)",
					"@executable_path/Frameworks",
				);
				PRODUCT_BUNDLE_IDENTIFIER = at.ac.htlleonding.clowns.ClownRoyale;
				PRODUCT_NAME = "$(TARGET_NAME)";
				SWIFT_VERSION = 5.0;
				TARGETED_DEVICE_FAMILY = "1,2";
			};
			name = Debug;
		};
		DDB4D034261F361400D496C5 /* Release */ = {
			isa = XCBuildConfiguration;
			baseConfigurationReference = 7BB3D14585B6068C0A1DB1B8 /* Pods-ClownRoyale.release.xcconfig */;
			buildSettings = {
				ASSETCATALOG_COMPILER_APPICON_NAME = AppIcon;
				ASSETCATALOG_COMPILER_GLOBAL_ACCENT_COLOR_NAME = AccentColor;
				CODE_SIGN_STYLE = Automatic;
				DEVELOPMENT_TEAM = R2MS7GG386;
				INFOPLIST_FILE = ClownRoyale/Info.plist;
				LD_RUNPATH_SEARCH_PATHS = (
					"$(inherited)",
					"@executable_path/Frameworks",
				);
				PRODUCT_BUNDLE_IDENTIFIER = at.ac.htlleonding.clowns.ClownRoyale;
				PRODUCT_NAME = "$(TARGET_NAME)";
				SWIFT_VERSION = 5.0;
				TARGETED_DEVICE_FAMILY = "1,2";
			};
			name = Release;
		};
/* End XCBuildConfiguration section */

/* Begin XCConfigurationList section */
		DDB4D019261F361300D496C5 /* Build configuration list for PBXProject "ClownRoyale" */ = {
			isa = XCConfigurationList;
			buildConfigurations = (
				DDB4D030261F361400D496C5 /* Debug */,
				DDB4D031261F361400D496C5 /* Release */,
			);
			defaultConfigurationIsVisible = 0;
			defaultConfigurationName = Release;
		};
		DDB4D032261F361400D496C5 /* Build configuration list for PBXNativeTarget "ClownRoyale" */ = {
			isa = XCConfigurationList;
			buildConfigurations = (
				DDB4D033261F361400D496C5 /* Debug */,
				DDB4D034261F361400D496C5 /* Release */,
			);
			defaultConfigurationIsVisible = 0;
			defaultConfigurationName = Release;
		};
/* End XCConfigurationList section */
	};
	rootObject = DDB4D016261F361300D496C5 /* Project object */;
}
