// !$*UTF8*$!
{
	archiveVersion = 1;
	classes = {
	};
	objectVersion = 50;
	objects = {

/* Begin PBXBuildFile section */
		3004198425E0172200F352A8 /* AppDelegate.swift in Sources */ = {isa = PBXBuildFile; fileRef = 3004198325E0172200F352A8 /* AppDelegate.swift */; };
		3004198625E0172200F352A8 /* SceneDelegate.swift in Sources */ = {isa = PBXBuildFile; fileRef = 3004198525E0172200F352A8 /* SceneDelegate.swift */; };
		3004198825E0172200F352A8 /* ContentView.swift in Sources */ = {isa = PBXBuildFile; fileRef = 3004198725E0172200F352A8 /* ContentView.swift */; };
		3004198A25E0172500F352A8 /* Assets.xcassets in Resources */ = {isa = PBXBuildFile; fileRef = 3004198925E0172500F352A8 /* Assets.xcassets */; };
		3004198D25E0172500F352A8 /* Preview Assets.xcassets in Resources */ = {isa = PBXBuildFile; fileRef = 3004198C25E0172500F352A8 /* Preview Assets.xcassets */; };
		3004199025E0172500F352A8 /* LaunchScreen.storyboard in Resources */ = {isa = PBXBuildFile; fileRef = 3004198E25E0172500F352A8 /* LaunchScreen.storyboard */; };
		3004199B25E0172500F352A8 /* LaughmeterTests.swift in Sources */ = {isa = PBXBuildFile; fileRef = 3004199A25E0172500F352A8 /* LaughmeterTests.swift */; };
		300419A625E0172500F352A8 /* LaughmeterUITests.swift in Sources */ = {isa = PBXBuildFile; fileRef = 300419A525E0172500F352A8 /* LaughmeterUITests.swift */; };
		300419B725E0175E00F352A8 /* AudioRecorder.swift in Sources */ = {isa = PBXBuildFile; fileRef = 300419B625E0175E00F352A8 /* AudioRecorder.swift */; };
		300419BC25E01A4A00F352A8 /* RecordingsList.swift in Sources */ = {isa = PBXBuildFile; fileRef = 300419BB25E01A4A00F352A8 /* RecordingsList.swift */; };
		300419CF25E01F2A00F352A8 /* Extensions.swift in Sources */ = {isa = PBXBuildFile; fileRef = 300419CE25E01F2A00F352A8 /* Extensions.swift */; };
		300419D425E021F100F352A8 /* RecordingsDataModel.swift in Sources */ = {isa = PBXBuildFile; fileRef = 300419D325E021F100F352A8 /* RecordingsDataModel.swift */; };
		300419D925E0240500F352A8 /* Helper.swift in Sources */ = {isa = PBXBuildFile; fileRef = 300419D825E0240500F352A8 /* Helper.swift */; };
/* End PBXBuildFile section */

/* Begin PBXContainerItemProxy section */
		3004199725E0172500F352A8 /* PBXContainerItemProxy */ = {
			isa = PBXContainerItemProxy;
			containerPortal = 3004197825E0172200F352A8 /* Project object */;
			proxyType = 1;
			remoteGlobalIDString = 3004197F25E0172200F352A8;
			remoteInfo = Laughmeter;
		};
		300419A225E0172500F352A8 /* PBXContainerItemProxy */ = {
			isa = PBXContainerItemProxy;
			containerPortal = 3004197825E0172200F352A8 /* Project object */;
			proxyType = 1;
			remoteGlobalIDString = 3004197F25E0172200F352A8;
			remoteInfo = Laughmeter;
		};
/* End PBXContainerItemProxy section */

/* Begin PBXFileReference section */
		3004198025E0172200F352A8 /* Laughmeter.app */ = {isa = PBXFileReference; explicitFileType = wrapper.application; includeInIndex = 0; path = Laughmeter.app; sourceTree = BUILT_PRODUCTS_DIR; };
		3004198325E0172200F352A8 /* AppDelegate.swift */ = {isa = PBXFileReference; lastKnownFileType = sourcecode.swift; path = AppDelegate.swift; sourceTree = "<group>"; };
		3004198525E0172200F352A8 /* SceneDelegate.swift */ = {isa = PBXFileReference; lastKnownFileType = sourcecode.swift; path = SceneDelegate.swift; sourceTree = "<group>"; };
		3004198725E0172200F352A8 /* ContentView.swift */ = {isa = PBXFileReference; lastKnownFileType = sourcecode.swift; path = ContentView.swift; sourceTree = "<group>"; };
		3004198925E0172500F352A8 /* Assets.xcassets */ = {isa = PBXFileReference; lastKnownFileType = folder.assetcatalog; path = Assets.xcassets; sourceTree = "<group>"; };
		3004198C25E0172500F352A8 /* Preview Assets.xcassets */ = {isa = PBXFileReference; lastKnownFileType = folder.assetcatalog; path = "Preview Assets.xcassets"; sourceTree = "<group>"; };
		3004198F25E0172500F352A8 /* Base */ = {isa = PBXFileReference; lastKnownFileType = file.storyboard; name = Base; path = Base.lproj/LaunchScreen.storyboard; sourceTree = "<group>"; };
		3004199125E0172500F352A8 /* Info.plist */ = {isa = PBXFileReference; lastKnownFileType = text.plist.xml; path = Info.plist; sourceTree = "<group>"; };
		3004199625E0172500F352A8 /* LaughmeterTests.xctest */ = {isa = PBXFileReference; explicitFileType = wrapper.cfbundle; includeInIndex = 0; path = LaughmeterTests.xctest; sourceTree = BUILT_PRODUCTS_DIR; };
		3004199A25E0172500F352A8 /* LaughmeterTests.swift */ = {isa = PBXFileReference; lastKnownFileType = sourcecode.swift; path = LaughmeterTests.swift; sourceTree = "<group>"; };
		3004199C25E0172500F352A8 /* Info.plist */ = {isa = PBXFileReference; lastKnownFileType = text.plist.xml; path = Info.plist; sourceTree = "<group>"; };
		300419A125E0172500F352A8 /* LaughmeterUITests.xctest */ = {isa = PBXFileReference; explicitFileType = wrapper.cfbundle; includeInIndex = 0; path = LaughmeterUITests.xctest; sourceTree = BUILT_PRODUCTS_DIR; };
		300419A525E0172500F352A8 /* LaughmeterUITests.swift */ = {isa = PBXFileReference; lastKnownFileType = sourcecode.swift; path = LaughmeterUITests.swift; sourceTree = "<group>"; };
		300419A725E0172500F352A8 /* Info.plist */ = {isa = PBXFileReference; lastKnownFileType = text.plist.xml; path = Info.plist; sourceTree = "<group>"; };
		300419B625E0175E00F352A8 /* AudioRecorder.swift */ = {isa = PBXFileReference; lastKnownFileType = sourcecode.swift; path = AudioRecorder.swift; sourceTree = "<group>"; };
		300419BB25E01A4A00F352A8 /* RecordingsList.swift */ = {isa = PBXFileReference; lastKnownFileType = sourcecode.swift; path = RecordingsList.swift; sourceTree = "<group>"; };
		300419CE25E01F2A00F352A8 /* Extensions.swift */ = {isa = PBXFileReference; lastKnownFileType = sourcecode.swift; path = Extensions.swift; sourceTree = "<group>"; };
		300419D325E021F100F352A8 /* RecordingsDataModel.swift */ = {isa = PBXFileReference; lastKnownFileType = sourcecode.swift; path = RecordingsDataModel.swift; sourceTree = "<group>"; };
		300419D825E0240500F352A8 /* Helper.swift */ = {isa = PBXFileReference; lastKnownFileType = sourcecode.swift; path = Helper.swift; sourceTree = "<group>"; };
/* End PBXFileReference section */

/* Begin PBXFrameworksBuildPhase section */
		3004197D25E0172200F352A8 /* Frameworks */ = {
			isa = PBXFrameworksBuildPhase;
			buildActionMask = 2147483647;
			files = (
			);
			runOnlyForDeploymentPostprocessing = 0;
		};
		3004199325E0172500F352A8 /* Frameworks */ = {
			isa = PBXFrameworksBuildPhase;
			buildActionMask = 2147483647;
			files = (
			);
			runOnlyForDeploymentPostprocessing = 0;
		};
		3004199E25E0172500F352A8 /* Frameworks */ = {
			isa = PBXFrameworksBuildPhase;
			buildActionMask = 2147483647;
			files = (
			);
			runOnlyForDeploymentPostprocessing = 0;
		};
/* End PBXFrameworksBuildPhase section */

/* Begin PBXGroup section */
		3004197725E0172200F352A8 = {
			isa = PBXGroup;
			children = (
				3004198225E0172200F352A8 /* Laughmeter */,
				3004199925E0172500F352A8 /* LaughmeterTests */,
				300419A425E0172500F352A8 /* LaughmeterUITests */,
				3004198125E0172200F352A8 /* Products */,
			);
			sourceTree = "<group>";
		};
		3004198125E0172200F352A8 /* Products */ = {
			isa = PBXGroup;
			children = (
				3004198025E0172200F352A8 /* Laughmeter.app */,
				3004199625E0172500F352A8 /* LaughmeterTests.xctest */,
				300419A125E0172500F352A8 /* LaughmeterUITests.xctest */,
			);
			name = Products;
			sourceTree = "<group>";
		};
		3004198225E0172200F352A8 /* Laughmeter */ = {
			isa = PBXGroup;
			children = (
				3004198325E0172200F352A8 /* AppDelegate.swift */,
				3004198525E0172200F352A8 /* SceneDelegate.swift */,
				3004198725E0172200F352A8 /* ContentView.swift */,
				300419BB25E01A4A00F352A8 /* RecordingsList.swift */,
				300419B625E0175E00F352A8 /* AudioRecorder.swift */,
				300419D825E0240500F352A8 /* Helper.swift */,
				300419CE25E01F2A00F352A8 /* Extensions.swift */,
				3004198925E0172500F352A8 /* Assets.xcassets */,
				3004198E25E0172500F352A8 /* LaunchScreen.storyboard */,
				3004199125E0172500F352A8 /* Info.plist */,
				3004198B25E0172500F352A8 /* Preview Content */,
				300419D325E021F100F352A8 /* RecordingsDataModel.swift */,
			);
			path = Laughmeter;
			sourceTree = "<group>";
		};
		3004198B25E0172500F352A8 /* Preview Content */ = {
			isa = PBXGroup;
			children = (
				3004198C25E0172500F352A8 /* Preview Assets.xcassets */,
			);
			path = "Preview Content";
			sourceTree = "<group>";
		};
		3004199925E0172500F352A8 /* LaughmeterTests */ = {
			isa = PBXGroup;
			children = (
				3004199A25E0172500F352A8 /* LaughmeterTests.swift */,
				3004199C25E0172500F352A8 /* Info.plist */,
			);
			path = LaughmeterTests;
			sourceTree = "<group>";
		};
		300419A425E0172500F352A8 /* LaughmeterUITests */ = {
			isa = PBXGroup;
			children = (
				300419A525E0172500F352A8 /* LaughmeterUITests.swift */,
				300419A725E0172500F352A8 /* Info.plist */,
			);
			path = LaughmeterUITests;
			sourceTree = "<group>";
		};
/* End PBXGroup section */

/* Begin PBXNativeTarget section */
		3004197F25E0172200F352A8 /* Laughmeter */ = {
			isa = PBXNativeTarget;
			buildConfigurationList = 300419AA25E0172500F352A8 /* Build configuration list for PBXNativeTarget "Laughmeter" */;
			buildPhases = (
				3004197C25E0172200F352A8 /* Sources */,
				3004197D25E0172200F352A8 /* Frameworks */,
				3004197E25E0172200F352A8 /* Resources */,
			);
			buildRules = (
			);
			dependencies = (
			);
			name = Laughmeter;
			productName = Laughmeter;
			productReference = 3004198025E0172200F352A8 /* Laughmeter.app */;
			productType = "com.apple.product-type.application";
		};
		3004199525E0172500F352A8 /* LaughmeterTests */ = {
			isa = PBXNativeTarget;
			buildConfigurationList = 300419AD25E0172500F352A8 /* Build configuration list for PBXNativeTarget "LaughmeterTests" */;
			buildPhases = (
				3004199225E0172500F352A8 /* Sources */,
				3004199325E0172500F352A8 /* Frameworks */,
				3004199425E0172500F352A8 /* Resources */,
			);
			buildRules = (
			);
			dependencies = (
				3004199825E0172500F352A8 /* PBXTargetDependency */,
			);
			name = LaughmeterTests;
			productName = LaughmeterTests;
			productReference = 3004199625E0172500F352A8 /* LaughmeterTests.xctest */;
			productType = "com.apple.product-type.bundle.unit-test";
		};
		300419A025E0172500F352A8 /* LaughmeterUITests */ = {
			isa = PBXNativeTarget;
			buildConfigurationList = 300419B025E0172500F352A8 /* Build configuration list for PBXNativeTarget "LaughmeterUITests" */;
			buildPhases = (
				3004199D25E0172500F352A8 /* Sources */,
				3004199E25E0172500F352A8 /* Frameworks */,
				3004199F25E0172500F352A8 /* Resources */,
			);
			buildRules = (
			);
			dependencies = (
				300419A325E0172500F352A8 /* PBXTargetDependency */,
			);
			name = LaughmeterUITests;
			productName = LaughmeterUITests;
			productReference = 300419A125E0172500F352A8 /* LaughmeterUITests.xctest */;
			productType = "com.apple.product-type.bundle.ui-testing";
		};
/* End PBXNativeTarget section */

/* Begin PBXProject section */
		3004197825E0172200F352A8 /* Project object */ = {
			isa = PBXProject;
			attributes = {
				LastSwiftUpdateCheck = 1230;
				LastUpgradeCheck = 1230;
				TargetAttributes = {
					3004197F25E0172200F352A8 = {
						CreatedOnToolsVersion = 12.3;
					};
					3004199525E0172500F352A8 = {
						CreatedOnToolsVersion = 12.3;
						TestTargetID = 3004197F25E0172200F352A8;
					};
					300419A025E0172500F352A8 = {
						CreatedOnToolsVersion = 12.3;
						TestTargetID = 3004197F25E0172200F352A8;
					};
				};
			};
			buildConfigurationList = 3004197B25E0172200F352A8 /* Build configuration list for PBXProject "Laughmeter" */;
			compatibilityVersion = "Xcode 9.3";
			developmentRegion = en;
			hasScannedForEncodings = 0;
			knownRegions = (
				en,
				Base,
			);
			mainGroup = 3004197725E0172200F352A8;
			productRefGroup = 3004198125E0172200F352A8 /* Products */;
			projectDirPath = "";
			projectRoot = "";
			targets = (
				3004197F25E0172200F352A8 /* Laughmeter */,
				3004199525E0172500F352A8 /* LaughmeterTests */,
				300419A025E0172500F352A8 /* LaughmeterUITests */,
			);
		};
/* End PBXProject section */

/* Begin PBXResourcesBuildPhase section */
		3004197E25E0172200F352A8 /* Resources */ = {
			isa = PBXResourcesBuildPhase;
			buildActionMask = 2147483647;
			files = (
				3004199025E0172500F352A8 /* LaunchScreen.storyboard in Resources */,
				3004198D25E0172500F352A8 /* Preview Assets.xcassets in Resources */,
				3004198A25E0172500F352A8 /* Assets.xcassets in Resources */,
			);
			runOnlyForDeploymentPostprocessing = 0;
		};
		3004199425E0172500F352A8 /* Resources */ = {
			isa = PBXResourcesBuildPhase;
			buildActionMask = 2147483647;
			files = (
			);
			runOnlyForDeploymentPostprocessing = 0;
		};
		3004199F25E0172500F352A8 /* Resources */ = {
			isa = PBXResourcesBuildPhase;
			buildActionMask = 2147483647;
			files = (
			);
			runOnlyForDeploymentPostprocessing = 0;
		};
/* End PBXResourcesBuildPhase section */

/* Begin PBXSourcesBuildPhase section */
		3004197C25E0172200F352A8 /* Sources */ = {
			isa = PBXSourcesBuildPhase;
			buildActionMask = 2147483647;
			files = (
				3004198425E0172200F352A8 /* AppDelegate.swift in Sources */,
				300419CF25E01F2A00F352A8 /* Extensions.swift in Sources */,
				3004198625E0172200F352A8 /* SceneDelegate.swift in Sources */,
				300419BC25E01A4A00F352A8 /* RecordingsList.swift in Sources */,
				300419D425E021F100F352A8 /* RecordingsDataModel.swift in Sources */,
				300419B725E0175E00F352A8 /* AudioRecorder.swift in Sources */,
				3004198825E0172200F352A8 /* ContentView.swift in Sources */,
				300419D925E0240500F352A8 /* Helper.swift in Sources */,
			);
			runOnlyForDeploymentPostprocessing = 0;
		};
		3004199225E0172500F352A8 /* Sources */ = {
			isa = PBXSourcesBuildPhase;
			buildActionMask = 2147483647;
			files = (
				3004199B25E0172500F352A8 /* LaughmeterTests.swift in Sources */,
			);
			runOnlyForDeploymentPostprocessing = 0;
		};
		3004199D25E0172500F352A8 /* Sources */ = {
			isa = PBXSourcesBuildPhase;
			buildActionMask = 2147483647;
			files = (
				300419A625E0172500F352A8 /* LaughmeterUITests.swift in Sources */,
			);
			runOnlyForDeploymentPostprocessing = 0;
		};
/* End PBXSourcesBuildPhase section */

/* Begin PBXTargetDependency section */
		3004199825E0172500F352A8 /* PBXTargetDependency */ = {
			isa = PBXTargetDependency;
			target = 3004197F25E0172200F352A8 /* Laughmeter */;
			targetProxy = 3004199725E0172500F352A8 /* PBXContainerItemProxy */;
		};
		300419A325E0172500F352A8 /* PBXTargetDependency */ = {
			isa = PBXTargetDependency;
			target = 3004197F25E0172200F352A8 /* Laughmeter */;
			targetProxy = 300419A225E0172500F352A8 /* PBXContainerItemProxy */;
		};
/* End PBXTargetDependency section */

/* Begin PBXVariantGroup section */
		3004198E25E0172500F352A8 /* LaunchScreen.storyboard */ = {
			isa = PBXVariantGroup;
			children = (
				3004198F25E0172500F352A8 /* Base */,
			);
			name = LaunchScreen.storyboard;
			sourceTree = "<group>";
		};
/* End PBXVariantGroup section */

/* Begin XCBuildConfiguration section */
		300419A825E0172500F352A8 /* Debug */ = {
			isa = XCBuildConfiguration;
			buildSettings = {
				ALWAYS_SEARCH_USER_PATHS = NO;
				CLANG_ANALYZER_NONNULL = YES;
				CLANG_ANALYZER_NUMBER_OBJECT_CONVERSION = YES_AGGRESSIVE;
				CLANG_CXX_LANGUAGE_STANDARD = "gnu++14";
				CLANG_CXX_LIBRARY = "libc++";
				CLANG_ENABLE_MODULES = YES;
				CLANG_ENABLE_OBJC_ARC = YES;
				CLANG_ENABLE_OBJC_WEAK = YES;
				CLANG_WARN_BLOCK_CAPTURE_AUTORELEASING = YES;
				CLANG_WARN_BOOL_CONVERSION = YES;
				CLANG_WARN_COMMA = YES;
				CLANG_WARN_CONSTANT_CONVERSION = YES;
				CLANG_WARN_DEPRECATED_OBJC_IMPLEMENTATIONS = YES;
				CLANG_WARN_DIRECT_OBJC_ISA_USAGE = YES_ERROR;
				CLANG_WARN_DOCUMENTATION_COMMENTS = YES;
				CLANG_WARN_EMPTY_BODY = YES;
				CLANG_WARN_ENUM_CONVERSION = YES;
				CLANG_WARN_INFINITE_RECURSION = YES;
				CLANG_WARN_INT_CONVERSION = YES;
				CLANG_WARN_NON_LITERAL_NULL_CONVERSION = YES;
				CLANG_WARN_OBJC_IMPLICIT_RETAIN_SELF = YES;
				CLANG_WARN_OBJC_LITERAL_CONVERSION = YES;
				CLANG_WARN_OBJC_ROOT_CLASS = YES_ERROR;
				CLANG_WARN_QUOTED_INCLUDE_IN_FRAMEWORK_HEADER = YES;
				CLANG_WARN_RANGE_LOOP_ANALYSIS = YES;
				CLANG_WARN_STRICT_PROTOTYPES = YES;
				CLANG_WARN_SUSPICIOUS_MOVE = YES;
				CLANG_WARN_UNGUARDED_AVAILABILITY = YES_AGGRESSIVE;
				CLANG_WARN_UNREACHABLE_CODE = YES;
				CLANG_WARN__DUPLICATE_METHOD_MATCH = YES;
				COPY_PHASE_STRIP = NO;
				DEBUG_INFORMATION_FORMAT = dwarf;
				ENABLE_STRICT_OBJC_MSGSEND = YES;
				ENABLE_TESTABILITY = YES;
				GCC_C_LANGUAGE_STANDARD = gnu11;
				GCC_DYNAMIC_NO_PIC = NO;
				GCC_NO_COMMON_BLOCKS = YES;
				GCC_OPTIMIZATION_LEVEL = 0;
				GCC_PREPROCESSOR_DEFINITIONS = (
					"DEBUG=1",
					"$(inherited)",
				);
				GCC_WARN_64_TO_32_BIT_CONVERSION = YES;
				GCC_WARN_ABOUT_RETURN_TYPE = YES_ERROR;
				GCC_WARN_UNDECLARED_SELECTOR = YES;
				GCC_WARN_UNINITIALIZED_AUTOS = YES_AGGRESSIVE;
				GCC_WARN_UNUSED_FUNCTION = YES;
				GCC_WARN_UNUSED_VARIABLE = YES;
				IPHONEOS_DEPLOYMENT_TARGET = 14.3;
				MTL_ENABLE_DEBUG_INFO = INCLUDE_SOURCE;
				MTL_FAST_MATH = YES;
				ONLY_ACTIVE_ARCH = YES;
				SDKROOT = iphoneos;
				SWIFT_ACTIVE_COMPILATION_CONDITIONS = DEBUG;
				SWIFT_OPTIMIZATION_LEVEL = "-Onone";
			};
			name = Debug;
		};
		300419A925E0172500F352A8 /* Release */ = {
			isa = XCBuildConfiguration;
			buildSettings = {
				ALWAYS_SEARCH_USER_PATHS = NO;
				CLANG_ANALYZER_NONNULL = YES;
				CLANG_ANALYZER_NUMBER_OBJECT_CONVERSION = YES_AGGRESSIVE;
				CLANG_CXX_LANGUAGE_STANDARD = "gnu++14";
				CLANG_CXX_LIBRARY = "libc++";
				CLANG_ENABLE_MODULES = YES;
				CLANG_ENABLE_OBJC_ARC = YES;
				CLANG_ENABLE_OBJC_WEAK = YES;
				CLANG_WARN_BLOCK_CAPTURE_AUTORELEASING = YES;
				CLANG_WARN_BOOL_CONVERSION = YES;
				CLANG_WARN_COMMA = YES;
				CLANG_WARN_CONSTANT_CONVERSION = YES;
				CLANG_WARN_DEPRECATED_OBJC_IMPLEMENTATIONS = YES;
				CLANG_WARN_DIRECT_OBJC_ISA_USAGE = YES_ERROR;
				CLANG_WARN_DOCUMENTATION_COMMENTS = YES;
				CLANG_WARN_EMPTY_BODY = YES;
				CLANG_WARN_ENUM_CONVERSION = YES;
				CLANG_WARN_INFINITE_RECURSION = YES;
				CLANG_WARN_INT_CONVERSION = YES;
				CLANG_WARN_NON_LITERAL_NULL_CONVERSION = YES;
				CLANG_WARN_OBJC_IMPLICIT_RETAIN_SELF = YES;
				CLANG_WARN_OBJC_LITERAL_CONVERSION = YES;
				CLANG_WARN_OBJC_ROOT_CLASS = YES_ERROR;
				CLANG_WARN_QUOTED_INCLUDE_IN_FRAMEWORK_HEADER = YES;
				CLANG_WARN_RANGE_LOOP_ANALYSIS = YES;
				CLANG_WARN_STRICT_PROTOTYPES = YES;
				CLANG_WARN_SUSPICIOUS_MOVE = YES;
				CLANG_WARN_UNGUARDED_AVAILABILITY = YES_AGGRESSIVE;
				CLANG_WARN_UNREACHABLE_CODE = YES;
				CLANG_WARN__DUPLICATE_METHOD_MATCH = YES;
				COPY_PHASE_STRIP = NO;
				DEBUG_INFORMATION_FORMAT = "dwarf-with-dsym";
				ENABLE_NS_ASSERTIONS = NO;
				ENABLE_STRICT_OBJC_MSGSEND = YES;
				GCC_C_LANGUAGE_STANDARD = gnu11;
				GCC_NO_COMMON_BLOCKS = YES;
				GCC_WARN_64_TO_32_BIT_CONVERSION = YES;
				GCC_WARN_ABOUT_RETURN_TYPE = YES_ERROR;
				GCC_WARN_UNDECLARED_SELECTOR = YES;
				GCC_WARN_UNINITIALIZED_AUTOS = YES_AGGRESSIVE;
				GCC_WARN_UNUSED_FUNCTION = YES;
				GCC_WARN_UNUSED_VARIABLE = YES;
				IPHONEOS_DEPLOYMENT_TARGET = 14.3;
				MTL_ENABLE_DEBUG_INFO = NO;
				MTL_FAST_MATH = YES;
				SDKROOT = iphoneos;
				SWIFT_COMPILATION_MODE = wholemodule;
				SWIFT_OPTIMIZATION_LEVEL = "-O";
				VALIDATE_PRODUCT = YES;
			};
			name = Release;
		};
		300419AB25E0172500F352A8 /* Debug */ = {
			isa = XCBuildConfiguration;
			buildSettings = {
				ASSETCATALOG_COMPILER_APPICON_NAME = AppIcon;
				ASSETCATALOG_COMPILER_GLOBAL_ACCENT_COLOR_NAME = AccentColor;
				CODE_SIGN_STYLE = Automatic;
				DEVELOPMENT_ASSET_PATHS = "\"Laughmeter/Preview Content\"";
				ENABLE_PREVIEWS = YES;
				INFOPLIST_FILE = Laughmeter/Info.plist;
				LD_RUNPATH_SEARCH_PATHS = (
					"$(inherited)",
					"@executable_path/Frameworks",
				);
				PRODUCT_BUNDLE_IDENTIFIER = "at.ac.htl-leonding.4bhitm.Laughmeter";
				PRODUCT_NAME = "$(TARGET_NAME)";
				SWIFT_VERSION = 5.0;
				TARGETED_DEVICE_FAMILY = "1,2";
			};
			name = Debug;
		};
		300419AC25E0172500F352A8 /* Release */ = {
			isa = XCBuildConfiguration;
			buildSettings = {
				ASSETCATALOG_COMPILER_APPICON_NAME = AppIcon;
				ASSETCATALOG_COMPILER_GLOBAL_ACCENT_COLOR_NAME = AccentColor;
				CODE_SIGN_STYLE = Automatic;
				DEVELOPMENT_ASSET_PATHS = "\"Laughmeter/Preview Content\"";
				ENABLE_PREVIEWS = YES;
				INFOPLIST_FILE = Laughmeter/Info.plist;
				LD_RUNPATH_SEARCH_PATHS = (
					"$(inherited)",
					"@executable_path/Frameworks",
				);
				PRODUCT_BUNDLE_IDENTIFIER = "at.ac.htl-leonding.4bhitm.Laughmeter";
				PRODUCT_NAME = "$(TARGET_NAME)";
				SWIFT_VERSION = 5.0;
				TARGETED_DEVICE_FAMILY = "1,2";
			};
			name = Release;
		};
		300419AE25E0172500F352A8 /* Debug */ = {
			isa = XCBuildConfiguration;
			buildSettings = {
				ALWAYS_EMBED_SWIFT_STANDARD_LIBRARIES = YES;
				BUNDLE_LOADER = "$(TEST_HOST)";
				CODE_SIGN_STYLE = Automatic;
				INFOPLIST_FILE = LaughmeterTests/Info.plist;
				IPHONEOS_DEPLOYMENT_TARGET = 14.3;
				LD_RUNPATH_SEARCH_PATHS = (
					"$(inherited)",
					"@executable_path/Frameworks",
					"@loader_path/Frameworks",
				);
				PRODUCT_BUNDLE_IDENTIFIER = "at.ac.htl-leonding.4bhitm.LaughmeterTests";
				PRODUCT_NAME = "$(TARGET_NAME)";
				SWIFT_VERSION = 5.0;
				TARGETED_DEVICE_FAMILY = "1,2";
				TEST_HOST = "$(BUILT_PRODUCTS_DIR)/Laughmeter.app/Laughmeter";
			};
			name = Debug;
		};
		300419AF25E0172500F352A8 /* Release */ = {
			isa = XCBuildConfiguration;
			buildSettings = {
				ALWAYS_EMBED_SWIFT_STANDARD_LIBRARIES = YES;
				BUNDLE_LOADER = "$(TEST_HOST)";
				CODE_SIGN_STYLE = Automatic;
				INFOPLIST_FILE = LaughmeterTests/Info.plist;
				IPHONEOS_DEPLOYMENT_TARGET = 14.3;
				LD_RUNPATH_SEARCH_PATHS = (
					"$(inherited)",
					"@executable_path/Frameworks",
					"@loader_path/Frameworks",
				);
				PRODUCT_BUNDLE_IDENTIFIER = "at.ac.htl-leonding.4bhitm.LaughmeterTests";
				PRODUCT_NAME = "$(TARGET_NAME)";
				SWIFT_VERSION = 5.0;
				TARGETED_DEVICE_FAMILY = "1,2";
				TEST_HOST = "$(BUILT_PRODUCTS_DIR)/Laughmeter.app/Laughmeter";
			};
			name = Release;
		};
		300419B125E0172500F352A8 /* Debug */ = {
			isa = XCBuildConfiguration;
			buildSettings = {
				ALWAYS_EMBED_SWIFT_STANDARD_LIBRARIES = YES;
				CODE_SIGN_STYLE = Automatic;
				INFOPLIST_FILE = LaughmeterUITests/Info.plist;
				LD_RUNPATH_SEARCH_PATHS = (
					"$(inherited)",
					"@executable_path/Frameworks",
					"@loader_path/Frameworks",
				);
				PRODUCT_BUNDLE_IDENTIFIER = "at.ac.htl-leonding.4bhitm.LaughmeterUITests";
				PRODUCT_NAME = "$(TARGET_NAME)";
				SWIFT_VERSION = 5.0;
				TARGETED_DEVICE_FAMILY = "1,2";
				TEST_TARGET_NAME = Laughmeter;
			};
			name = Debug;
		};
		300419B225E0172500F352A8 /* Release */ = {
			isa = XCBuildConfiguration;
			buildSettings = {
				ALWAYS_EMBED_SWIFT_STANDARD_LIBRARIES = YES;
				CODE_SIGN_STYLE = Automatic;
				INFOPLIST_FILE = LaughmeterUITests/Info.plist;
				LD_RUNPATH_SEARCH_PATHS = (
					"$(inherited)",
					"@executable_path/Frameworks",
					"@loader_path/Frameworks",
				);
				PRODUCT_BUNDLE_IDENTIFIER = "at.ac.htl-leonding.4bhitm.LaughmeterUITests";
				PRODUCT_NAME = "$(TARGET_NAME)";
				SWIFT_VERSION = 5.0;
				TARGETED_DEVICE_FAMILY = "1,2";
				TEST_TARGET_NAME = Laughmeter;
			};
			name = Release;
		};
/* End XCBuildConfiguration section */

/* Begin XCConfigurationList section */
		3004197B25E0172200F352A8 /* Build configuration list for PBXProject "Laughmeter" */ = {
			isa = XCConfigurationList;
			buildConfigurations = (
				300419A825E0172500F352A8 /* Debug */,
				300419A925E0172500F352A8 /* Release */,
			);
			defaultConfigurationIsVisible = 0;
			defaultConfigurationName = Release;
		};
		300419AA25E0172500F352A8 /* Build configuration list for PBXNativeTarget "Laughmeter" */ = {
			isa = XCConfigurationList;
			buildConfigurations = (
				300419AB25E0172500F352A8 /* Debug */,
				300419AC25E0172500F352A8 /* Release */,
			);
			defaultConfigurationIsVisible = 0;
			defaultConfigurationName = Release;
		};
		300419AD25E0172500F352A8 /* Build configuration list for PBXNativeTarget "LaughmeterTests" */ = {
			isa = XCConfigurationList;
			buildConfigurations = (
				300419AE25E0172500F352A8 /* Debug */,
				300419AF25E0172500F352A8 /* Release */,
			);
			defaultConfigurationIsVisible = 0;
			defaultConfigurationName = Release;
		};
		300419B025E0172500F352A8 /* Build configuration list for PBXNativeTarget "LaughmeterUITests" */ = {
			isa = XCConfigurationList;
			buildConfigurations = (
				300419B125E0172500F352A8 /* Debug */,
				300419B225E0172500F352A8 /* Release */,
			);
			defaultConfigurationIsVisible = 0;
			defaultConfigurationName = Release;
		};
/* End XCConfigurationList section */
	};
	rootObject = 3004197825E0172200F352A8 /* Project object */;
}
