// !$*UTF8*$!
{
	archiveVersion = 1;
	classes = {
	};
	objectVersion = 50;
	objects = {

/* Begin PBXBuildFile section */
		3004190125E013D800F352A8 /* AppDelegate.swift in Sources */ = {isa = PBXBuildFile; fileRef = 3004190025E013D800F352A8 /* AppDelegate.swift */; };
		3004190325E013D800F352A8 /* SceneDelegate.swift in Sources */ = {isa = PBXBuildFile; fileRef = 3004190225E013D800F352A8 /* SceneDelegate.swift */; };
		3004190525E013D800F352A8 /* ContentView.swift in Sources */ = {isa = PBXBuildFile; fileRef = 3004190425E013D800F352A8 /* ContentView.swift */; };
		3004190725E013E000F352A8 /* Assets.xcassets in Resources */ = {isa = PBXBuildFile; fileRef = 3004190625E013E000F352A8 /* Assets.xcassets */; };
		3004190A25E013E000F352A8 /* Preview Assets.xcassets in Resources */ = {isa = PBXBuildFile; fileRef = 3004190925E013E000F352A8 /* Preview Assets.xcassets */; };
		3004190D25E013E000F352A8 /* LaunchScreen.storyboard in Resources */ = {isa = PBXBuildFile; fileRef = 3004190B25E013E000F352A8 /* LaunchScreen.storyboard */; };
		3004191825E013E000F352A8 /* LaughmeterTests.swift in Sources */ = {isa = PBXBuildFile; fileRef = 3004191725E013E000F352A8 /* LaughmeterTests.swift */; };
		3004192325E013E100F352A8 /* LaughmeterUITests.swift in Sources */ = {isa = PBXBuildFile; fileRef = 3004192225E013E100F352A8 /* LaughmeterUITests.swift */; };
/* End PBXBuildFile section */

/* Begin PBXContainerItemProxy section */
		3004191425E013E000F352A8 /* PBXContainerItemProxy */ = {
			isa = PBXContainerItemProxy;
			containerPortal = 300418F525E013D800F352A8 /* Project object */;
			proxyType = 1;
			remoteGlobalIDString = 300418FC25E013D800F352A8;
			remoteInfo = Laughmeter;
		};
		3004191F25E013E000F352A8 /* PBXContainerItemProxy */ = {
			isa = PBXContainerItemProxy;
			containerPortal = 300418F525E013D800F352A8 /* Project object */;
			proxyType = 1;
			remoteGlobalIDString = 300418FC25E013D800F352A8;
			remoteInfo = Laughmeter;
		};
/* End PBXContainerItemProxy section */

/* Begin PBXFileReference section */
		300418FD25E013D800F352A8 /* Laughmeter.app */ = {isa = PBXFileReference; explicitFileType = wrapper.application; includeInIndex = 0; path = Laughmeter.app; sourceTree = BUILT_PRODUCTS_DIR; };
		3004190025E013D800F352A8 /* AppDelegate.swift */ = {isa = PBXFileReference; lastKnownFileType = sourcecode.swift; path = AppDelegate.swift; sourceTree = "<group>"; };
		3004190225E013D800F352A8 /* SceneDelegate.swift */ = {isa = PBXFileReference; lastKnownFileType = sourcecode.swift; path = SceneDelegate.swift; sourceTree = "<group>"; };
		3004190425E013D800F352A8 /* ContentView.swift */ = {isa = PBXFileReference; lastKnownFileType = sourcecode.swift; path = ContentView.swift; sourceTree = "<group>"; };
		3004190625E013E000F352A8 /* Assets.xcassets */ = {isa = PBXFileReference; lastKnownFileType = folder.assetcatalog; path = Assets.xcassets; sourceTree = "<group>"; };
		3004190925E013E000F352A8 /* Preview Assets.xcassets */ = {isa = PBXFileReference; lastKnownFileType = folder.assetcatalog; path = "Preview Assets.xcassets"; sourceTree = "<group>"; };
		3004190C25E013E000F352A8 /* Base */ = {isa = PBXFileReference; lastKnownFileType = file.storyboard; name = Base; path = Base.lproj/LaunchScreen.storyboard; sourceTree = "<group>"; };
		3004190E25E013E000F352A8 /* Info.plist */ = {isa = PBXFileReference; lastKnownFileType = text.plist.xml; path = Info.plist; sourceTree = "<group>"; };
		3004191325E013E000F352A8 /* LaughmeterTests.xctest */ = {isa = PBXFileReference; explicitFileType = wrapper.cfbundle; includeInIndex = 0; path = LaughmeterTests.xctest; sourceTree = BUILT_PRODUCTS_DIR; };
		3004191725E013E000F352A8 /* LaughmeterTests.swift */ = {isa = PBXFileReference; lastKnownFileType = sourcecode.swift; path = LaughmeterTests.swift; sourceTree = "<group>"; };
		3004191925E013E000F352A8 /* Info.plist */ = {isa = PBXFileReference; lastKnownFileType = text.plist.xml; path = Info.plist; sourceTree = "<group>"; };
		3004191E25E013E000F352A8 /* LaughmeterUITests.xctest */ = {isa = PBXFileReference; explicitFileType = wrapper.cfbundle; includeInIndex = 0; path = LaughmeterUITests.xctest; sourceTree = BUILT_PRODUCTS_DIR; };
		3004192225E013E100F352A8 /* LaughmeterUITests.swift */ = {isa = PBXFileReference; lastKnownFileType = sourcecode.swift; path = LaughmeterUITests.swift; sourceTree = "<group>"; };
		3004192425E013E100F352A8 /* Info.plist */ = {isa = PBXFileReference; lastKnownFileType = text.plist.xml; path = Info.plist; sourceTree = "<group>"; };
/* End PBXFileReference section */

/* Begin PBXFrameworksBuildPhase section */
		300418FA25E013D800F352A8 /* Frameworks */ = {
			isa = PBXFrameworksBuildPhase;
			buildActionMask = 2147483647;
			files = (
			);
			runOnlyForDeploymentPostprocessing = 0;
		};
		3004191025E013E000F352A8 /* Frameworks */ = {
			isa = PBXFrameworksBuildPhase;
			buildActionMask = 2147483647;
			files = (
			);
			runOnlyForDeploymentPostprocessing = 0;
		};
		3004191B25E013E000F352A8 /* Frameworks */ = {
			isa = PBXFrameworksBuildPhase;
			buildActionMask = 2147483647;
			files = (
			);
			runOnlyForDeploymentPostprocessing = 0;
		};
/* End PBXFrameworksBuildPhase section */

/* Begin PBXGroup section */
		300418F425E013D800F352A8 = {
			isa = PBXGroup;
			children = (
				300418FF25E013D800F352A8 /* Laughmeter */,
				3004191625E013E000F352A8 /* LaughmeterTests */,
				3004192125E013E000F352A8 /* LaughmeterUITests */,
				300418FE25E013D800F352A8 /* Products */,
			);
			sourceTree = "<group>";
		};
		300418FE25E013D800F352A8 /* Products */ = {
			isa = PBXGroup;
			children = (
				300418FD25E013D800F352A8 /* Laughmeter.app */,
				3004191325E013E000F352A8 /* LaughmeterTests.xctest */,
				3004191E25E013E000F352A8 /* LaughmeterUITests.xctest */,
			);
			name = Products;
			sourceTree = "<group>";
		};
		300418FF25E013D800F352A8 /* Laughmeter */ = {
			isa = PBXGroup;
			children = (
				3004190025E013D800F352A8 /* AppDelegate.swift */,
				3004190225E013D800F352A8 /* SceneDelegate.swift */,
				3004190425E013D800F352A8 /* ContentView.swift */,
				3004190625E013E000F352A8 /* Assets.xcassets */,
				3004190B25E013E000F352A8 /* LaunchScreen.storyboard */,
				3004190E25E013E000F352A8 /* Info.plist */,
				3004190825E013E000F352A8 /* Preview Content */,
			);
			path = Laughmeter;
			sourceTree = "<group>";
		};
		3004190825E013E000F352A8 /* Preview Content */ = {
			isa = PBXGroup;
			children = (
				3004190925E013E000F352A8 /* Preview Assets.xcassets */,
			);
			path = "Preview Content";
			sourceTree = "<group>";
		};
		3004191625E013E000F352A8 /* LaughmeterTests */ = {
			isa = PBXGroup;
			children = (
				3004191725E013E000F352A8 /* LaughmeterTests.swift */,
				3004191925E013E000F352A8 /* Info.plist */,
			);
			path = LaughmeterTests;
			sourceTree = "<group>";
		};
		3004192125E013E000F352A8 /* LaughmeterUITests */ = {
			isa = PBXGroup;
			children = (
				3004192225E013E100F352A8 /* LaughmeterUITests.swift */,
				3004192425E013E100F352A8 /* Info.plist */,
			);
			path = LaughmeterUITests;
			sourceTree = "<group>";
		};
/* End PBXGroup section */

/* Begin PBXNativeTarget section */
		300418FC25E013D800F352A8 /* Laughmeter */ = {
			isa = PBXNativeTarget;
			buildConfigurationList = 3004192725E013E100F352A8 /* Build configuration list for PBXNativeTarget "Laughmeter" */;
			buildPhases = (
				300418F925E013D800F352A8 /* Sources */,
				300418FA25E013D800F352A8 /* Frameworks */,
				300418FB25E013D800F352A8 /* Resources */,
			);
			buildRules = (
			);
			dependencies = (
			);
			name = Laughmeter;
			productName = Laughmeter;
			productReference = 300418FD25E013D800F352A8 /* Laughmeter.app */;
			productType = "com.apple.product-type.application";
		};
		3004191225E013E000F352A8 /* LaughmeterTests */ = {
			isa = PBXNativeTarget;
			buildConfigurationList = 3004192A25E013E100F352A8 /* Build configuration list for PBXNativeTarget "LaughmeterTests" */;
			buildPhases = (
				3004190F25E013E000F352A8 /* Sources */,
				3004191025E013E000F352A8 /* Frameworks */,
				3004191125E013E000F352A8 /* Resources */,
			);
			buildRules = (
			);
			dependencies = (
				3004191525E013E000F352A8 /* PBXTargetDependency */,
			);
			name = LaughmeterTests;
			productName = LaughmeterTests;
			productReference = 3004191325E013E000F352A8 /* LaughmeterTests.xctest */;
			productType = "com.apple.product-type.bundle.unit-test";
		};
		3004191D25E013E000F352A8 /* LaughmeterUITests */ = {
			isa = PBXNativeTarget;
			buildConfigurationList = 3004192D25E013E100F352A8 /* Build configuration list for PBXNativeTarget "LaughmeterUITests" */;
			buildPhases = (
				3004191A25E013E000F352A8 /* Sources */,
				3004191B25E013E000F352A8 /* Frameworks */,
				3004191C25E013E000F352A8 /* Resources */,
			);
			buildRules = (
			);
			dependencies = (
				3004192025E013E000F352A8 /* PBXTargetDependency */,
			);
			name = LaughmeterUITests;
			productName = LaughmeterUITests;
			productReference = 3004191E25E013E000F352A8 /* LaughmeterUITests.xctest */;
			productType = "com.apple.product-type.bundle.ui-testing";
		};
/* End PBXNativeTarget section */

/* Begin PBXProject section */
		300418F525E013D800F352A8 /* Project object */ = {
			isa = PBXProject;
			attributes = {
				LastSwiftUpdateCheck = 1230;
				LastUpgradeCheck = 1230;
				TargetAttributes = {
					300418FC25E013D800F352A8 = {
						CreatedOnToolsVersion = 12.3;
					};
					3004191225E013E000F352A8 = {
						CreatedOnToolsVersion = 12.3;
						TestTargetID = 300418FC25E013D800F352A8;
					};
					3004191D25E013E000F352A8 = {
						CreatedOnToolsVersion = 12.3;
						TestTargetID = 300418FC25E013D800F352A8;
					};
				};
			};
			buildConfigurationList = 300418F825E013D800F352A8 /* Build configuration list for PBXProject "Laughmeter" */;
			compatibilityVersion = "Xcode 9.3";
			developmentRegion = en;
			hasScannedForEncodings = 0;
			knownRegions = (
				en,
				Base,
			);
			mainGroup = 300418F425E013D800F352A8;
			productRefGroup = 300418FE25E013D800F352A8 /* Products */;
			projectDirPath = "";
			projectRoot = "";
			targets = (
				300418FC25E013D800F352A8 /* Laughmeter */,
				3004191225E013E000F352A8 /* LaughmeterTests */,
				3004191D25E013E000F352A8 /* LaughmeterUITests */,
			);
		};
/* End PBXProject section */

/* Begin PBXResourcesBuildPhase section */
		300418FB25E013D800F352A8 /* Resources */ = {
			isa = PBXResourcesBuildPhase;
			buildActionMask = 2147483647;
			files = (
				3004190D25E013E000F352A8 /* LaunchScreen.storyboard in Resources */,
				3004190A25E013E000F352A8 /* Preview Assets.xcassets in Resources */,
				3004190725E013E000F352A8 /* Assets.xcassets in Resources */,
			);
			runOnlyForDeploymentPostprocessing = 0;
		};
		3004191125E013E000F352A8 /* Resources */ = {
			isa = PBXResourcesBuildPhase;
			buildActionMask = 2147483647;
			files = (
			);
			runOnlyForDeploymentPostprocessing = 0;
		};
		3004191C25E013E000F352A8 /* Resources */ = {
			isa = PBXResourcesBuildPhase;
			buildActionMask = 2147483647;
			files = (
			);
			runOnlyForDeploymentPostprocessing = 0;
		};
/* End PBXResourcesBuildPhase section */

/* Begin PBXSourcesBuildPhase section */
		300418F925E013D800F352A8 /* Sources */ = {
			isa = PBXSourcesBuildPhase;
			buildActionMask = 2147483647;
			files = (
				3004190125E013D800F352A8 /* AppDelegate.swift in Sources */,
				3004190325E013D800F352A8 /* SceneDelegate.swift in Sources */,
				3004190525E013D800F352A8 /* ContentView.swift in Sources */,
			);
			runOnlyForDeploymentPostprocessing = 0;
		};
		3004190F25E013E000F352A8 /* Sources */ = {
			isa = PBXSourcesBuildPhase;
			buildActionMask = 2147483647;
			files = (
				3004191825E013E000F352A8 /* LaughmeterTests.swift in Sources */,
			);
			runOnlyForDeploymentPostprocessing = 0;
		};
		3004191A25E013E000F352A8 /* Sources */ = {
			isa = PBXSourcesBuildPhase;
			buildActionMask = 2147483647;
			files = (
				3004192325E013E100F352A8 /* LaughmeterUITests.swift in Sources */,
			);
			runOnlyForDeploymentPostprocessing = 0;
		};
/* End PBXSourcesBuildPhase section */

/* Begin PBXTargetDependency section */
		3004191525E013E000F352A8 /* PBXTargetDependency */ = {
			isa = PBXTargetDependency;
			target = 300418FC25E013D800F352A8 /* Laughmeter */;
			targetProxy = 3004191425E013E000F352A8 /* PBXContainerItemProxy */;
		};
		3004192025E013E000F352A8 /* PBXTargetDependency */ = {
			isa = PBXTargetDependency;
			target = 300418FC25E013D800F352A8 /* Laughmeter */;
			targetProxy = 3004191F25E013E000F352A8 /* PBXContainerItemProxy */;
		};
/* End PBXTargetDependency section */

/* Begin PBXVariantGroup section */
		3004190B25E013E000F352A8 /* LaunchScreen.storyboard */ = {
			isa = PBXVariantGroup;
			children = (
				3004190C25E013E000F352A8 /* Base */,
			);
			name = LaunchScreen.storyboard;
			sourceTree = "<group>";
		};
/* End PBXVariantGroup section */

/* Begin XCBuildConfiguration section */
		3004192525E013E100F352A8 /* Debug */ = {
			isa = XCBuildConfiguration;
			buildSettings = {
				ALWAYS_SEARCH_USER_PATHS = NO;
				CLANG_ANALYZER_NONNULL = YES;
				CLANG_ANALYZER_NUMBER_OBJECT_CONVERSION = YES_AGGRESSIVE;
				CLANG_CXX_LANGUAGE_STANDARD = "gnu++14";
				CLANG_CXX_LIBRARY = "libc++";
				CLANG_ENABLE_MODULES = YES;
				CLANG_ENABLE_OBJC_ARC = YES;
				CLANG_ENABLE_OBJC_WEAK = YES;
				CLANG_WARN_BLOCK_CAPTURE_AUTORELEASING = YES;
				CLANG_WARN_BOOL_CONVERSION = YES;
				CLANG_WARN_COMMA = YES;
				CLANG_WARN_CONSTANT_CONVERSION = YES;
				CLANG_WARN_DEPRECATED_OBJC_IMPLEMENTATIONS = YES;
				CLANG_WARN_DIRECT_OBJC_ISA_USAGE = YES_ERROR;
				CLANG_WARN_DOCUMENTATION_COMMENTS = YES;
				CLANG_WARN_EMPTY_BODY = YES;
				CLANG_WARN_ENUM_CONVERSION = YES;
				CLANG_WARN_INFINITE_RECURSION = YES;
				CLANG_WARN_INT_CONVERSION = YES;
				CLANG_WARN_NON_LITERAL_NULL_CONVERSION = YES;
				CLANG_WARN_OBJC_IMPLICIT_RETAIN_SELF = YES;
				CLANG_WARN_OBJC_LITERAL_CONVERSION = YES;
				CLANG_WARN_OBJC_ROOT_CLASS = YES_ERROR;
				CLANG_WARN_QUOTED_INCLUDE_IN_FRAMEWORK_HEADER = YES;
				CLANG_WARN_RANGE_LOOP_ANALYSIS = YES;
				CLANG_WARN_STRICT_PROTOTYPES = YES;
				CLANG_WARN_SUSPICIOUS_MOVE = YES;
				CLANG_WARN_UNGUARDED_AVAILABILITY = YES_AGGRESSIVE;
				CLANG_WARN_UNREACHABLE_CODE = YES;
				CLANG_WARN__DUPLICATE_METHOD_MATCH = YES;
				COPY_PHASE_STRIP = NO;
				DEBUG_INFORMATION_FORMAT = dwarf;
				ENABLE_STRICT_OBJC_MSGSEND = YES;
				ENABLE_TESTABILITY = YES;
				GCC_C_LANGUAGE_STANDARD = gnu11;
				GCC_DYNAMIC_NO_PIC = NO;
				GCC_NO_COMMON_BLOCKS = YES;
				GCC_OPTIMIZATION_LEVEL = 0;
				GCC_PREPROCESSOR_DEFINITIONS = (
					"DEBUG=1",
					"$(inherited)",
				);
				GCC_WARN_64_TO_32_BIT_CONVERSION = YES;
				GCC_WARN_ABOUT_RETURN_TYPE = YES_ERROR;
				GCC_WARN_UNDECLARED_SELECTOR = YES;
				GCC_WARN_UNINITIALIZED_AUTOS = YES_AGGRESSIVE;
				GCC_WARN_UNUSED_FUNCTION = YES;
				GCC_WARN_UNUSED_VARIABLE = YES;
				IPHONEOS_DEPLOYMENT_TARGET = 14.3;
				MTL_ENABLE_DEBUG_INFO = INCLUDE_SOURCE;
				MTL_FAST_MATH = YES;
				ONLY_ACTIVE_ARCH = YES;
				SDKROOT = iphoneos;
				SWIFT_ACTIVE_COMPILATION_CONDITIONS = DEBUG;
				SWIFT_OPTIMIZATION_LEVEL = "-Onone";
			};
			name = Debug;
		};
		3004192625E013E100F352A8 /* Release */ = {
			isa = XCBuildConfiguration;
			buildSettings = {
				ALWAYS_SEARCH_USER_PATHS = NO;
				CLANG_ANALYZER_NONNULL = YES;
				CLANG_ANALYZER_NUMBER_OBJECT_CONVERSION = YES_AGGRESSIVE;
				CLANG_CXX_LANGUAGE_STANDARD = "gnu++14";
				CLANG_CXX_LIBRARY = "libc++";
				CLANG_ENABLE_MODULES = YES;
				CLANG_ENABLE_OBJC_ARC = YES;
				CLANG_ENABLE_OBJC_WEAK = YES;
				CLANG_WARN_BLOCK_CAPTURE_AUTORELEASING = YES;
				CLANG_WARN_BOOL_CONVERSION = YES;
				CLANG_WARN_COMMA = YES;
				CLANG_WARN_CONSTANT_CONVERSION = YES;
				CLANG_WARN_DEPRECATED_OBJC_IMPLEMENTATIONS = YES;
				CLANG_WARN_DIRECT_OBJC_ISA_USAGE = YES_ERROR;
				CLANG_WARN_DOCUMENTATION_COMMENTS = YES;
				CLANG_WARN_EMPTY_BODY = YES;
				CLANG_WARN_ENUM_CONVERSION = YES;
				CLANG_WARN_INFINITE_RECURSION = YES;
				CLANG_WARN_INT_CONVERSION = YES;
				CLANG_WARN_NON_LITERAL_NULL_CONVERSION = YES;
				CLANG_WARN_OBJC_IMPLICIT_RETAIN_SELF = YES;
				CLANG_WARN_OBJC_LITERAL_CONVERSION = YES;
				CLANG_WARN_OBJC_ROOT_CLASS = YES_ERROR;
				CLANG_WARN_QUOTED_INCLUDE_IN_FRAMEWORK_HEADER = YES;
				CLANG_WARN_RANGE_LOOP_ANALYSIS = YES;
				CLANG_WARN_STRICT_PROTOTYPES = YES;
				CLANG_WARN_SUSPICIOUS_MOVE = YES;
				CLANG_WARN_UNGUARDED_AVAILABILITY = YES_AGGRESSIVE;
				CLANG_WARN_UNREACHABLE_CODE = YES;
				CLANG_WARN__DUPLICATE_METHOD_MATCH = YES;
				COPY_PHASE_STRIP = NO;
				DEBUG_INFORMATION_FORMAT = "dwarf-with-dsym";
				ENABLE_NS_ASSERTIONS = NO;
				ENABLE_STRICT_OBJC_MSGSEND = YES;
				GCC_C_LANGUAGE_STANDARD = gnu11;
				GCC_NO_COMMON_BLOCKS = YES;
				GCC_WARN_64_TO_32_BIT_CONVERSION = YES;
				GCC_WARN_ABOUT_RETURN_TYPE = YES_ERROR;
				GCC_WARN_UNDECLARED_SELECTOR = YES;
				GCC_WARN_UNINITIALIZED_AUTOS = YES_AGGRESSIVE;
				GCC_WARN_UNUSED_FUNCTION = YES;
				GCC_WARN_UNUSED_VARIABLE = YES;
				IPHONEOS_DEPLOYMENT_TARGET = 14.3;
				MTL_ENABLE_DEBUG_INFO = NO;
				MTL_FAST_MATH = YES;
				SDKROOT = iphoneos;
				SWIFT_COMPILATION_MODE = wholemodule;
				SWIFT_OPTIMIZATION_LEVEL = "-O";
				VALIDATE_PRODUCT = YES;
			};
			name = Release;
		};
		3004192825E013E100F352A8 /* Debug */ = {
			isa = XCBuildConfiguration;
			buildSettings = {
				ASSETCATALOG_COMPILER_APPICON_NAME = AppIcon;
				ASSETCATALOG_COMPILER_GLOBAL_ACCENT_COLOR_NAME = AccentColor;
				CODE_SIGN_STYLE = Automatic;
				DEVELOPMENT_ASSET_PATHS = "\"Laughmeter/Preview Content\"";
				ENABLE_PREVIEWS = YES;
				INFOPLIST_FILE = Laughmeter/Info.plist;
				LD_RUNPATH_SEARCH_PATHS = (
					"$(inherited)",
					"@executable_path/Frameworks",
				);
				PRODUCT_BUNDLE_IDENTIFIER = "at.ac.htl-leonding.4bhitm.Laughmeter";
				PRODUCT_NAME = "$(TARGET_NAME)";
				SWIFT_VERSION = 5.0;
				TARGETED_DEVICE_FAMILY = "1,2";
			};
			name = Debug;
		};
		3004192925E013E100F352A8 /* Release */ = {
			isa = XCBuildConfiguration;
			buildSettings = {
				ASSETCATALOG_COMPILER_APPICON_NAME = AppIcon;
				ASSETCATALOG_COMPILER_GLOBAL_ACCENT_COLOR_NAME = AccentColor;
				CODE_SIGN_STYLE = Automatic;
				DEVELOPMENT_ASSET_PATHS = "\"Laughmeter/Preview Content\"";
				ENABLE_PREVIEWS = YES;
				INFOPLIST_FILE = Laughmeter/Info.plist;
				LD_RUNPATH_SEARCH_PATHS = (
					"$(inherited)",
					"@executable_path/Frameworks",
				);
				PRODUCT_BUNDLE_IDENTIFIER = "at.ac.htl-leonding.4bhitm.Laughmeter";
				PRODUCT_NAME = "$(TARGET_NAME)";
				SWIFT_VERSION = 5.0;
				TARGETED_DEVICE_FAMILY = "1,2";
			};
			name = Release;
		};
		3004192B25E013E100F352A8 /* Debug */ = {
			isa = XCBuildConfiguration;
			buildSettings = {
				ALWAYS_EMBED_SWIFT_STANDARD_LIBRARIES = YES;
				BUNDLE_LOADER = "$(TEST_HOST)";
				CODE_SIGN_STYLE = Automatic;
				INFOPLIST_FILE = LaughmeterTests/Info.plist;
				IPHONEOS_DEPLOYMENT_TARGET = 14.3;
				LD_RUNPATH_SEARCH_PATHS = (
					"$(inherited)",
					"@executable_path/Frameworks",
					"@loader_path/Frameworks",
				);
				PRODUCT_BUNDLE_IDENTIFIER = "at.ac.htl-leonding.4bhitm.LaughmeterTests";
				PRODUCT_NAME = "$(TARGET_NAME)";
				SWIFT_VERSION = 5.0;
				TARGETED_DEVICE_FAMILY = "1,2";
				TEST_HOST = "$(BUILT_PRODUCTS_DIR)/Laughmeter.app/Laughmeter";
			};
			name = Debug;
		};
		3004192C25E013E100F352A8 /* Release */ = {
			isa = XCBuildConfiguration;
			buildSettings = {
				ALWAYS_EMBED_SWIFT_STANDARD_LIBRARIES = YES;
				BUNDLE_LOADER = "$(TEST_HOST)";
				CODE_SIGN_STYLE = Automatic;
				INFOPLIST_FILE = LaughmeterTests/Info.plist;
				IPHONEOS_DEPLOYMENT_TARGET = 14.3;
				LD_RUNPATH_SEARCH_PATHS = (
					"$(inherited)",
					"@executable_path/Frameworks",
					"@loader_path/Frameworks",
				);
				PRODUCT_BUNDLE_IDENTIFIER = "at.ac.htl-leonding.4bhitm.LaughmeterTests";
				PRODUCT_NAME = "$(TARGET_NAME)";
				SWIFT_VERSION = 5.0;
				TARGETED_DEVICE_FAMILY = "1,2";
				TEST_HOST = "$(BUILT_PRODUCTS_DIR)/Laughmeter.app/Laughmeter";
			};
			name = Release;
		};
		3004192E25E013E100F352A8 /* Debug */ = {
			isa = XCBuildConfiguration;
			buildSettings = {
				ALWAYS_EMBED_SWIFT_STANDARD_LIBRARIES = YES;
				CODE_SIGN_STYLE = Automatic;
				INFOPLIST_FILE = LaughmeterUITests/Info.plist;
				LD_RUNPATH_SEARCH_PATHS = (
					"$(inherited)",
					"@executable_path/Frameworks",
					"@loader_path/Frameworks",
				);
				PRODUCT_BUNDLE_IDENTIFIER = "at.ac.htl-leonding.4bhitm.LaughmeterUITests";
				PRODUCT_NAME = "$(TARGET_NAME)";
				SWIFT_VERSION = 5.0;
				TARGETED_DEVICE_FAMILY = "1,2";
				TEST_TARGET_NAME = Laughmeter;
			};
			name = Debug;
		};
		3004192F25E013E100F352A8 /* Release */ = {
			isa = XCBuildConfiguration;
			buildSettings = {
				ALWAYS_EMBED_SWIFT_STANDARD_LIBRARIES = YES;
				CODE_SIGN_STYLE = Automatic;
				INFOPLIST_FILE = LaughmeterUITests/Info.plist;
				LD_RUNPATH_SEARCH_PATHS = (
					"$(inherited)",
					"@executable_path/Frameworks",
					"@loader_path/Frameworks",
				);
				PRODUCT_BUNDLE_IDENTIFIER = "at.ac.htl-leonding.4bhitm.LaughmeterUITests";
				PRODUCT_NAME = "$(TARGET_NAME)";
				SWIFT_VERSION = 5.0;
				TARGETED_DEVICE_FAMILY = "1,2";
				TEST_TARGET_NAME = Laughmeter;
			};
			name = Release;
		};
/* End XCBuildConfiguration section */

/* Begin XCConfigurationList section */
		300418F825E013D800F352A8 /* Build configuration list for PBXProject "Laughmeter" */ = {
			isa = XCConfigurationList;
			buildConfigurations = (
				3004192525E013E100F352A8 /* Debug */,
				3004192625E013E100F352A8 /* Release */,
			);
			defaultConfigurationIsVisible = 0;
			defaultConfigurationName = Release;
		};
		3004192725E013E100F352A8 /* Build configuration list for PBXNativeTarget "Laughmeter" */ = {
			isa = XCConfigurationList;
			buildConfigurations = (
				3004192825E013E100F352A8 /* Debug */,
				3004192925E013E100F352A8 /* Release */,
			);
			defaultConfigurationIsVisible = 0;
			defaultConfigurationName = Release;
		};
		3004192A25E013E100F352A8 /* Build configuration list for PBXNativeTarget "LaughmeterTests" */ = {
			isa = XCConfigurationList;
			buildConfigurations = (
				3004192B25E013E100F352A8 /* Debug */,
				3004192C25E013E100F352A8 /* Release */,
			);
			defaultConfigurationIsVisible = 0;
			defaultConfigurationName = Release;
		};
		3004192D25E013E100F352A8 /* Build configuration list for PBXNativeTarget "LaughmeterUITests" */ = {
			isa = XCConfigurationList;
			buildConfigurations = (
				3004192E25E013E100F352A8 /* Debug */,
				3004192F25E013E100F352A8 /* Release */,
			);
			defaultConfigurationIsVisible = 0;
			defaultConfigurationName = Release;
		};
/* End XCConfigurationList section */
	};
	rootObject = 300418F525E013D800F352A8 /* Project object */;
}
