// !$*UTF8*$!
{
	archiveVersion = 1;
	classes = {
	};
	objectVersion = 50;
	objects = {

/* Begin PBXBuildFile section */
		7C68248525F7A18A0072C4E5 /* AppDelegate.swift in Sources */ = {isa = PBXBuildFile; fileRef = 7C68248425F7A18A0072C4E5 /* AppDelegate.swift */; };
		7C68248725F7A18A0072C4E5 /* SceneDelegate.swift in Sources */ = {isa = PBXBuildFile; fileRef = 7C68248625F7A18A0072C4E5 /* SceneDelegate.swift */; };
		7C68248925F7A18A0072C4E5 /* ContentView.swift in Sources */ = {isa = PBXBuildFile; fileRef = 7C68248825F7A18A0072C4E5 /* ContentView.swift */; };
		7C68248B25F7A18C0072C4E5 /* Assets.xcassets in Resources */ = {isa = PBXBuildFile; fileRef = 7C68248A25F7A18C0072C4E5 /* Assets.xcassets */; };
		7C68248E25F7A18C0072C4E5 /* Preview Assets.xcassets in Resources */ = {isa = PBXBuildFile; fileRef = 7C68248D25F7A18C0072C4E5 /* Preview Assets.xcassets */; };
		7C68249125F7A18C0072C4E5 /* LaunchScreen.storyboard in Resources */ = {isa = PBXBuildFile; fileRef = 7C68248F25F7A18C0072C4E5 /* LaunchScreen.storyboard */; };
		7C68249C25F7A18D0072C4E5 /* ClownRoyaleTests.swift in Sources */ = {isa = PBXBuildFile; fileRef = 7C68249B25F7A18D0072C4E5 /* ClownRoyaleTests.swift */; };
		7C6824A725F7A18D0072C4E5 /* ClownRoyaleUITests.swift in Sources */ = {isa = PBXBuildFile; fileRef = 7C6824A625F7A18D0072C4E5 /* ClownRoyaleUITests.swift */; };
/* End PBXBuildFile section */

/* Begin PBXContainerItemProxy section */
		7C68249825F7A18D0072C4E5 /* PBXContainerItemProxy */ = {
			isa = PBXContainerItemProxy;
			containerPortal = 7C68247925F7A18A0072C4E5 /* Project object */;
			proxyType = 1;
			remoteGlobalIDString = 7C68248025F7A18A0072C4E5;
			remoteInfo = ClownRoyale;
		};
		7C6824A325F7A18D0072C4E5 /* PBXContainerItemProxy */ = {
			isa = PBXContainerItemProxy;
			containerPortal = 7C68247925F7A18A0072C4E5 /* Project object */;
			proxyType = 1;
			remoteGlobalIDString = 7C68248025F7A18A0072C4E5;
			remoteInfo = ClownRoyale;
		};
/* End PBXContainerItemProxy section */

/* Begin PBXFileReference section */
		7C68248125F7A18A0072C4E5 /* ClownRoyale.app */ = {isa = PBXFileReference; explicitFileType = wrapper.application; includeInIndex = 0; path = ClownRoyale.app; sourceTree = BUILT_PRODUCTS_DIR; };
		7C68248425F7A18A0072C4E5 /* AppDelegate.swift */ = {isa = PBXFileReference; lastKnownFileType = sourcecode.swift; path = AppDelegate.swift; sourceTree = "<group>"; };
		7C68248625F7A18A0072C4E5 /* SceneDelegate.swift */ = {isa = PBXFileReference; lastKnownFileType = sourcecode.swift; path = SceneDelegate.swift; sourceTree = "<group>"; };
		7C68248825F7A18A0072C4E5 /* ContentView.swift */ = {isa = PBXFileReference; lastKnownFileType = sourcecode.swift; path = ContentView.swift; sourceTree = "<group>"; };
		7C68248A25F7A18C0072C4E5 /* Assets.xcassets */ = {isa = PBXFileReference; lastKnownFileType = folder.assetcatalog; path = Assets.xcassets; sourceTree = "<group>"; };
		7C68248D25F7A18C0072C4E5 /* Preview Assets.xcassets */ = {isa = PBXFileReference; lastKnownFileType = folder.assetcatalog; path = "Preview Assets.xcassets"; sourceTree = "<group>"; };
		7C68249025F7A18C0072C4E5 /* Base */ = {isa = PBXFileReference; lastKnownFileType = file.storyboard; name = Base; path = Base.lproj/LaunchScreen.storyboard; sourceTree = "<group>"; };
		7C68249225F7A18C0072C4E5 /* Info.plist */ = {isa = PBXFileReference; lastKnownFileType = text.plist.xml; path = Info.plist; sourceTree = "<group>"; };
		7C68249725F7A18D0072C4E5 /* ClownRoyaleTests.xctest */ = {isa = PBXFileReference; explicitFileType = wrapper.cfbundle; includeInIndex = 0; path = ClownRoyaleTests.xctest; sourceTree = BUILT_PRODUCTS_DIR; };
		7C68249B25F7A18D0072C4E5 /* ClownRoyaleTests.swift */ = {isa = PBXFileReference; lastKnownFileType = sourcecode.swift; path = ClownRoyaleTests.swift; sourceTree = "<group>"; };
		7C68249D25F7A18D0072C4E5 /* Info.plist */ = {isa = PBXFileReference; lastKnownFileType = text.plist.xml; path = Info.plist; sourceTree = "<group>"; };
		7C6824A225F7A18D0072C4E5 /* ClownRoyaleUITests.xctest */ = {isa = PBXFileReference; explicitFileType = wrapper.cfbundle; includeInIndex = 0; path = ClownRoyaleUITests.xctest; sourceTree = BUILT_PRODUCTS_DIR; };
		7C6824A625F7A18D0072C4E5 /* ClownRoyaleUITests.swift */ = {isa = PBXFileReference; lastKnownFileType = sourcecode.swift; path = ClownRoyaleUITests.swift; sourceTree = "<group>"; };
		7C6824A825F7A18D0072C4E5 /* Info.plist */ = {isa = PBXFileReference; lastKnownFileType = text.plist.xml; path = Info.plist; sourceTree = "<group>"; };
/* End PBXFileReference section */

/* Begin PBXFrameworksBuildPhase section */
		7C68247E25F7A18A0072C4E5 /* Frameworks */ = {
			isa = PBXFrameworksBuildPhase;
			buildActionMask = 2147483647;
			files = (
			);
			runOnlyForDeploymentPostprocessing = 0;
		};
		7C68249425F7A18D0072C4E5 /* Frameworks */ = {
			isa = PBXFrameworksBuildPhase;
			buildActionMask = 2147483647;
			files = (
			);
			runOnlyForDeploymentPostprocessing = 0;
		};
		7C68249F25F7A18D0072C4E5 /* Frameworks */ = {
			isa = PBXFrameworksBuildPhase;
			buildActionMask = 2147483647;
			files = (
			);
			runOnlyForDeploymentPostprocessing = 0;
		};
/* End PBXFrameworksBuildPhase section */

/* Begin PBXGroup section */
		7C68247825F7A18A0072C4E5 = {
			isa = PBXGroup;
			children = (
				7C68248325F7A18A0072C4E5 /* ClownRoyale */,
				7C68249A25F7A18D0072C4E5 /* ClownRoyaleTests */,
				7C6824A525F7A18D0072C4E5 /* ClownRoyaleUITests */,
				7C68248225F7A18A0072C4E5 /* Products */,
			);
			sourceTree = "<group>";
		};
		7C68248225F7A18A0072C4E5 /* Products */ = {
			isa = PBXGroup;
			children = (
				7C68248125F7A18A0072C4E5 /* ClownRoyale.app */,
				7C68249725F7A18D0072C4E5 /* ClownRoyaleTests.xctest */,
				7C6824A225F7A18D0072C4E5 /* ClownRoyaleUITests.xctest */,
			);
			name = Products;
			sourceTree = "<group>";
		};
		7C68248325F7A18A0072C4E5 /* ClownRoyale */ = {
			isa = PBXGroup;
			children = (
				7C68248425F7A18A0072C4E5 /* AppDelegate.swift */,
				7C68248625F7A18A0072C4E5 /* SceneDelegate.swift */,
				7C68248825F7A18A0072C4E5 /* ContentView.swift */,
				7C68248A25F7A18C0072C4E5 /* Assets.xcassets */,
				7C68248F25F7A18C0072C4E5 /* LaunchScreen.storyboard */,
				7C68249225F7A18C0072C4E5 /* Info.plist */,
				7C68248C25F7A18C0072C4E5 /* Preview Content */,
			);
			path = ClownRoyale;
			sourceTree = "<group>";
		};
		7C68248C25F7A18C0072C4E5 /* Preview Content */ = {
			isa = PBXGroup;
			children = (
				7C68248D25F7A18C0072C4E5 /* Preview Assets.xcassets */,
			);
			path = "Preview Content";
			sourceTree = "<group>";
		};
		7C68249A25F7A18D0072C4E5 /* ClownRoyaleTests */ = {
			isa = PBXGroup;
			children = (
				7C68249B25F7A18D0072C4E5 /* ClownRoyaleTests.swift */,
				7C68249D25F7A18D0072C4E5 /* Info.plist */,
			);
			path = ClownRoyaleTests;
			sourceTree = "<group>";
		};
		7C6824A525F7A18D0072C4E5 /* ClownRoyaleUITests */ = {
			isa = PBXGroup;
			children = (
				7C6824A625F7A18D0072C4E5 /* ClownRoyaleUITests.swift */,
				7C6824A825F7A18D0072C4E5 /* Info.plist */,
			);
			path = ClownRoyaleUITests;
			sourceTree = "<group>";
		};
/* End PBXGroup section */

/* Begin PBXNativeTarget section */
		7C68248025F7A18A0072C4E5 /* ClownRoyale */ = {
			isa = PBXNativeTarget;
			buildConfigurationList = 7C6824AB25F7A18D0072C4E5 /* Build configuration list for PBXNativeTarget "ClownRoyale" */;
			buildPhases = (
				7C68247D25F7A18A0072C4E5 /* Sources */,
				7C68247E25F7A18A0072C4E5 /* Frameworks */,
				7C68247F25F7A18A0072C4E5 /* Resources */,
			);
			buildRules = (
			);
			dependencies = (
			);
			name = ClownRoyale;
			productName = ClownRoyale;
			productReference = 7C68248125F7A18A0072C4E5 /* ClownRoyale.app */;
			productType = "com.apple.product-type.application";
		};
		7C68249625F7A18D0072C4E5 /* ClownRoyaleTests */ = {
			isa = PBXNativeTarget;
			buildConfigurationList = 7C6824AE25F7A18D0072C4E5 /* Build configuration list for PBXNativeTarget "ClownRoyaleTests" */;
			buildPhases = (
				7C68249325F7A18D0072C4E5 /* Sources */,
				7C68249425F7A18D0072C4E5 /* Frameworks */,
				7C68249525F7A18D0072C4E5 /* Resources */,
			);
			buildRules = (
			);
			dependencies = (
				7C68249925F7A18D0072C4E5 /* PBXTargetDependency */,
			);
			name = ClownRoyaleTests;
			productName = ClownRoyaleTests;
			productReference = 7C68249725F7A18D0072C4E5 /* ClownRoyaleTests.xctest */;
			productType = "com.apple.product-type.bundle.unit-test";
		};
		7C6824A125F7A18D0072C4E5 /* ClownRoyaleUITests */ = {
			isa = PBXNativeTarget;
			buildConfigurationList = 7C6824B125F7A18D0072C4E5 /* Build configuration list for PBXNativeTarget "ClownRoyaleUITests" */;
			buildPhases = (
				7C68249E25F7A18D0072C4E5 /* Sources */,
				7C68249F25F7A18D0072C4E5 /* Frameworks */,
				7C6824A025F7A18D0072C4E5 /* Resources */,
			);
			buildRules = (
			);
			dependencies = (
				7C6824A425F7A18D0072C4E5 /* PBXTargetDependency */,
			);
			name = ClownRoyaleUITests;
			productName = ClownRoyaleUITests;
			productReference = 7C6824A225F7A18D0072C4E5 /* ClownRoyaleUITests.xctest */;
			productType = "com.apple.product-type.bundle.ui-testing";
		};
/* End PBXNativeTarget section */

/* Begin PBXProject section */
		7C68247925F7A18A0072C4E5 /* Project object */ = {
			isa = PBXProject;
			attributes = {
				LastSwiftUpdateCheck = 1240;
				LastUpgradeCheck = 1240;
				TargetAttributes = {
					7C68248025F7A18A0072C4E5 = {
						CreatedOnToolsVersion = 12.4;
					};
					7C68249625F7A18D0072C4E5 = {
						CreatedOnToolsVersion = 12.4;
						TestTargetID = 7C68248025F7A18A0072C4E5;
					};
					7C6824A125F7A18D0072C4E5 = {
						CreatedOnToolsVersion = 12.4;
						TestTargetID = 7C68248025F7A18A0072C4E5;
					};
				};
			};
			buildConfigurationList = 7C68247C25F7A18A0072C4E5 /* Build configuration list for PBXProject "ClownRoyale" */;
			compatibilityVersion = "Xcode 9.3";
			developmentRegion = en;
			hasScannedForEncodings = 0;
			knownRegions = (
				en,
				Base,
			);
			mainGroup = 7C68247825F7A18A0072C4E5;
			productRefGroup = 7C68248225F7A18A0072C4E5 /* Products */;
			projectDirPath = "";
			projectRoot = "";
			targets = (
				7C68248025F7A18A0072C4E5 /* ClownRoyale */,
				7C68249625F7A18D0072C4E5 /* ClownRoyaleTests */,
				7C6824A125F7A18D0072C4E5 /* ClownRoyaleUITests */,
			);
		};
/* End PBXProject section */

/* Begin PBXResourcesBuildPhase section */
		7C68247F25F7A18A0072C4E5 /* Resources */ = {
			isa = PBXResourcesBuildPhase;
			buildActionMask = 2147483647;
			files = (
				7C68249125F7A18C0072C4E5 /* LaunchScreen.storyboard in Resources */,
				7C68248E25F7A18C0072C4E5 /* Preview Assets.xcassets in Resources */,
				7C68248B25F7A18C0072C4E5 /* Assets.xcassets in Resources */,
			);
			runOnlyForDeploymentPostprocessing = 0;
		};
		7C68249525F7A18D0072C4E5 /* Resources */ = {
			isa = PBXResourcesBuildPhase;
			buildActionMask = 2147483647;
			files = (
			);
			runOnlyForDeploymentPostprocessing = 0;
		};
		7C6824A025F7A18D0072C4E5 /* Resources */ = {
			isa = PBXResourcesBuildPhase;
			buildActionMask = 2147483647;
			files = (
			);
			runOnlyForDeploymentPostprocessing = 0;
		};
/* End PBXResourcesBuildPhase section */

/* Begin PBXSourcesBuildPhase section */
		7C68247D25F7A18A0072C4E5 /* Sources */ = {
			isa = PBXSourcesBuildPhase;
			buildActionMask = 2147483647;
			files = (
				7C68248525F7A18A0072C4E5 /* AppDelegate.swift in Sources */,
				7C68248725F7A18A0072C4E5 /* SceneDelegate.swift in Sources */,
				7C68248925F7A18A0072C4E5 /* ContentView.swift in Sources */,
			);
			runOnlyForDeploymentPostprocessing = 0;
		};
		7C68249325F7A18D0072C4E5 /* Sources */ = {
			isa = PBXSourcesBuildPhase;
			buildActionMask = 2147483647;
			files = (
				7C68249C25F7A18D0072C4E5 /* ClownRoyaleTests.swift in Sources */,
			);
			runOnlyForDeploymentPostprocessing = 0;
		};
		7C68249E25F7A18D0072C4E5 /* Sources */ = {
			isa = PBXSourcesBuildPhase;
			buildActionMask = 2147483647;
			files = (
				7C6824A725F7A18D0072C4E5 /* ClownRoyaleUITests.swift in Sources */,
			);
			runOnlyForDeploymentPostprocessing = 0;
		};
/* End PBXSourcesBuildPhase section */

/* Begin PBXTargetDependency section */
		7C68249925F7A18D0072C4E5 /* PBXTargetDependency */ = {
			isa = PBXTargetDependency;
			target = 7C68248025F7A18A0072C4E5 /* ClownRoyale */;
			targetProxy = 7C68249825F7A18D0072C4E5 /* PBXContainerItemProxy */;
		};
		7C6824A425F7A18D0072C4E5 /* PBXTargetDependency */ = {
			isa = PBXTargetDependency;
			target = 7C68248025F7A18A0072C4E5 /* ClownRoyale */;
			targetProxy = 7C6824A325F7A18D0072C4E5 /* PBXContainerItemProxy */;
		};
/* End PBXTargetDependency section */

/* Begin PBXVariantGroup section */
		7C68248F25F7A18C0072C4E5 /* LaunchScreen.storyboard */ = {
			isa = PBXVariantGroup;
			children = (
				7C68249025F7A18C0072C4E5 /* Base */,
			);
			name = LaunchScreen.storyboard;
			sourceTree = "<group>";
		};
/* End PBXVariantGroup section */

/* Begin XCBuildConfiguration section */
		7C6824A925F7A18D0072C4E5 /* Debug */ = {
			isa = XCBuildConfiguration;
			buildSettings = {
				ALWAYS_SEARCH_USER_PATHS = NO;
				CLANG_ANALYZER_NONNULL = YES;
				CLANG_ANALYZER_NUMBER_OBJECT_CONVERSION = YES_AGGRESSIVE;
				CLANG_CXX_LANGUAGE_STANDARD = "gnu++14";
				CLANG_CXX_LIBRARY = "libc++";
				CLANG_ENABLE_MODULES = YES;
				CLANG_ENABLE_OBJC_ARC = YES;
				CLANG_ENABLE_OBJC_WEAK = YES;
				CLANG_WARN_BLOCK_CAPTURE_AUTORELEASING = YES;
				CLANG_WARN_BOOL_CONVERSION = YES;
				CLANG_WARN_COMMA = YES;
				CLANG_WARN_CONSTANT_CONVERSION = YES;
				CLANG_WARN_DEPRECATED_OBJC_IMPLEMENTATIONS = YES;
				CLANG_WARN_DIRECT_OBJC_ISA_USAGE = YES_ERROR;
				CLANG_WARN_DOCUMENTATION_COMMENTS = YES;
				CLANG_WARN_EMPTY_BODY = YES;
				CLANG_WARN_ENUM_CONVERSION = YES;
				CLANG_WARN_INFINITE_RECURSION = YES;
				CLANG_WARN_INT_CONVERSION = YES;
				CLANG_WARN_NON_LITERAL_NULL_CONVERSION = YES;
				CLANG_WARN_OBJC_IMPLICIT_RETAIN_SELF = YES;
				CLANG_WARN_OBJC_LITERAL_CONVERSION = YES;
				CLANG_WARN_OBJC_ROOT_CLASS = YES_ERROR;
				CLANG_WARN_QUOTED_INCLUDE_IN_FRAMEWORK_HEADER = YES;
				CLANG_WARN_RANGE_LOOP_ANALYSIS = YES;
				CLANG_WARN_STRICT_PROTOTYPES = YES;
				CLANG_WARN_SUSPICIOUS_MOVE = YES;
				CLANG_WARN_UNGUARDED_AVAILABILITY = YES_AGGRESSIVE;
				CLANG_WARN_UNREACHABLE_CODE = YES;
				CLANG_WARN__DUPLICATE_METHOD_MATCH = YES;
				COPY_PHASE_STRIP = NO;
				DEBUG_INFORMATION_FORMAT = dwarf;
				ENABLE_STRICT_OBJC_MSGSEND = YES;
				ENABLE_TESTABILITY = YES;
				GCC_C_LANGUAGE_STANDARD = gnu11;
				GCC_DYNAMIC_NO_PIC = NO;
				GCC_NO_COMMON_BLOCKS = YES;
				GCC_OPTIMIZATION_LEVEL = 0;
				GCC_PREPROCESSOR_DEFINITIONS = (
					"DEBUG=1",
					"$(inherited)",
				);
				GCC_WARN_64_TO_32_BIT_CONVERSION = YES;
				GCC_WARN_ABOUT_RETURN_TYPE = YES_ERROR;
				GCC_WARN_UNDECLARED_SELECTOR = YES;
				GCC_WARN_UNINITIALIZED_AUTOS = YES_AGGRESSIVE;
				GCC_WARN_UNUSED_FUNCTION = YES;
				GCC_WARN_UNUSED_VARIABLE = YES;
				IPHONEOS_DEPLOYMENT_TARGET = 14.4;
				MTL_ENABLE_DEBUG_INFO = INCLUDE_SOURCE;
				MTL_FAST_MATH = YES;
				ONLY_ACTIVE_ARCH = YES;
				SDKROOT = iphoneos;
				SWIFT_ACTIVE_COMPILATION_CONDITIONS = DEBUG;
				SWIFT_OPTIMIZATION_LEVEL = "-Onone";
			};
			name = Debug;
		};
		7C6824AA25F7A18D0072C4E5 /* Release */ = {
			isa = XCBuildConfiguration;
			buildSettings = {
				ALWAYS_SEARCH_USER_PATHS = NO;
				CLANG_ANALYZER_NONNULL = YES;
				CLANG_ANALYZER_NUMBER_OBJECT_CONVERSION = YES_AGGRESSIVE;
				CLANG_CXX_LANGUAGE_STANDARD = "gnu++14";
				CLANG_CXX_LIBRARY = "libc++";
				CLANG_ENABLE_MODULES = YES;
				CLANG_ENABLE_OBJC_ARC = YES;
				CLANG_ENABLE_OBJC_WEAK = YES;
				CLANG_WARN_BLOCK_CAPTURE_AUTORELEASING = YES;
				CLANG_WARN_BOOL_CONVERSION = YES;
				CLANG_WARN_COMMA = YES;
				CLANG_WARN_CONSTANT_CONVERSION = YES;
				CLANG_WARN_DEPRECATED_OBJC_IMPLEMENTATIONS = YES;
				CLANG_WARN_DIRECT_OBJC_ISA_USAGE = YES_ERROR;
				CLANG_WARN_DOCUMENTATION_COMMENTS = YES;
				CLANG_WARN_EMPTY_BODY = YES;
				CLANG_WARN_ENUM_CONVERSION = YES;
				CLANG_WARN_INFINITE_RECURSION = YES;
				CLANG_WARN_INT_CONVERSION = YES;
				CLANG_WARN_NON_LITERAL_NULL_CONVERSION = YES;
				CLANG_WARN_OBJC_IMPLICIT_RETAIN_SELF = YES;
				CLANG_WARN_OBJC_LITERAL_CONVERSION = YES;
				CLANG_WARN_OBJC_ROOT_CLASS = YES_ERROR;
				CLANG_WARN_QUOTED_INCLUDE_IN_FRAMEWORK_HEADER = YES;
				CLANG_WARN_RANGE_LOOP_ANALYSIS = YES;
				CLANG_WARN_STRICT_PROTOTYPES = YES;
				CLANG_WARN_SUSPICIOUS_MOVE = YES;
				CLANG_WARN_UNGUARDED_AVAILABILITY = YES_AGGRESSIVE;
				CLANG_WARN_UNREACHABLE_CODE = YES;
				CLANG_WARN__DUPLICATE_METHOD_MATCH = YES;
				COPY_PHASE_STRIP = NO;
				DEBUG_INFORMATION_FORMAT = "dwarf-with-dsym";
				ENABLE_NS_ASSERTIONS = NO;
				ENABLE_STRICT_OBJC_MSGSEND = YES;
				GCC_C_LANGUAGE_STANDARD = gnu11;
				GCC_NO_COMMON_BLOCKS = YES;
				GCC_WARN_64_TO_32_BIT_CONVERSION = YES;
				GCC_WARN_ABOUT_RETURN_TYPE = YES_ERROR;
				GCC_WARN_UNDECLARED_SELECTOR = YES;
				GCC_WARN_UNINITIALIZED_AUTOS = YES_AGGRESSIVE;
				GCC_WARN_UNUSED_FUNCTION = YES;
				GCC_WARN_UNUSED_VARIABLE = YES;
				IPHONEOS_DEPLOYMENT_TARGET = 14.4;
				MTL_ENABLE_DEBUG_INFO = NO;
				MTL_FAST_MATH = YES;
				SDKROOT = iphoneos;
				SWIFT_COMPILATION_MODE = wholemodule;
				SWIFT_OPTIMIZATION_LEVEL = "-O";
				VALIDATE_PRODUCT = YES;
			};
			name = Release;
		};
		7C6824AC25F7A18D0072C4E5 /* Debug */ = {
			isa = XCBuildConfiguration;
			buildSettings = {
				ASSETCATALOG_COMPILER_APPICON_NAME = AppIcon;
				ASSETCATALOG_COMPILER_GLOBAL_ACCENT_COLOR_NAME = AccentColor;
				CODE_SIGN_STYLE = Automatic;
				DEVELOPMENT_ASSET_PATHS = "\"ClownRoyale/Preview Content\"";
				DEVELOPMENT_TEAM = 8Y34VBAGJR;
				ENABLE_PREVIEWS = YES;
				INFOPLIST_FILE = ClownRoyale/Info.plist;
				LD_RUNPATH_SEARCH_PATHS = (
					"$(inherited)",
					"@executable_path/Frameworks",
				);
				PRODUCT_BUNDLE_IDENTIFIER = "at.ac.htl-leonding.ClownRoyale";
				PRODUCT_NAME = "$(TARGET_NAME)";
				SWIFT_VERSION = 5.0;
				TARGETED_DEVICE_FAMILY = "1,2";
			};
			name = Debug;
		};
		7C6824AD25F7A18D0072C4E5 /* Release */ = {
			isa = XCBuildConfiguration;
			buildSettings = {
				ASSETCATALOG_COMPILER_APPICON_NAME = AppIcon;
				ASSETCATALOG_COMPILER_GLOBAL_ACCENT_COLOR_NAME = AccentColor;
				CODE_SIGN_STYLE = Automatic;
				DEVELOPMENT_ASSET_PATHS = "\"ClownRoyale/Preview Content\"";
				DEVELOPMENT_TEAM = 8Y34VBAGJR;
				ENABLE_PREVIEWS = YES;
				INFOPLIST_FILE = ClownRoyale/Info.plist;
				LD_RUNPATH_SEARCH_PATHS = (
					"$(inherited)",
					"@executable_path/Frameworks",
				);
				PRODUCT_BUNDLE_IDENTIFIER = "at.ac.htl-leonding.ClownRoyale";
				PRODUCT_NAME = "$(TARGET_NAME)";
				SWIFT_VERSION = 5.0;
				TARGETED_DEVICE_FAMILY = "1,2";
			};
			name = Release;
		};
		7C6824AF25F7A18D0072C4E5 /* Debug */ = {
			isa = XCBuildConfiguration;
			buildSettings = {
				ALWAYS_EMBED_SWIFT_STANDARD_LIBRARIES = YES;
				BUNDLE_LOADER = "$(TEST_HOST)";
				CODE_SIGN_STYLE = Automatic;
				DEVELOPMENT_TEAM = 8Y34VBAGJR;
				INFOPLIST_FILE = ClownRoyaleTests/Info.plist;
				IPHONEOS_DEPLOYMENT_TARGET = 14.4;
				LD_RUNPATH_SEARCH_PATHS = (
					"$(inherited)",
					"@executable_path/Frameworks",
					"@loader_path/Frameworks",
				);
				PRODUCT_BUNDLE_IDENTIFIER = "at.ac.htl-leonding.ClownRoyaleTests";
				PRODUCT_NAME = "$(TARGET_NAME)";
				SWIFT_VERSION = 5.0;
				TARGETED_DEVICE_FAMILY = "1,2";
				TEST_HOST = "$(BUILT_PRODUCTS_DIR)/ClownRoyale.app/ClownRoyale";
			};
			name = Debug;
		};
		7C6824B025F7A18D0072C4E5 /* Release */ = {
			isa = XCBuildConfiguration;
			buildSettings = {
				ALWAYS_EMBED_SWIFT_STANDARD_LIBRARIES = YES;
				BUNDLE_LOADER = "$(TEST_HOST)";
				CODE_SIGN_STYLE = Automatic;
				DEVELOPMENT_TEAM = 8Y34VBAGJR;
				INFOPLIST_FILE = ClownRoyaleTests/Info.plist;
				IPHONEOS_DEPLOYMENT_TARGET = 14.4;
				LD_RUNPATH_SEARCH_PATHS = (
					"$(inherited)",
					"@executable_path/Frameworks",
					"@loader_path/Frameworks",
				);
				PRODUCT_BUNDLE_IDENTIFIER = "at.ac.htl-leonding.ClownRoyaleTests";
				PRODUCT_NAME = "$(TARGET_NAME)";
				SWIFT_VERSION = 5.0;
				TARGETED_DEVICE_FAMILY = "1,2";
				TEST_HOST = "$(BUILT_PRODUCTS_DIR)/ClownRoyale.app/ClownRoyale";
			};
			name = Release;
		};
		7C6824B225F7A18D0072C4E5 /* Debug */ = {
			isa = XCBuildConfiguration;
			buildSettings = {
				ALWAYS_EMBED_SWIFT_STANDARD_LIBRARIES = YES;
				CODE_SIGN_STYLE = Automatic;
				DEVELOPMENT_TEAM = 8Y34VBAGJR;
				INFOPLIST_FILE = ClownRoyaleUITests/Info.plist;
				LD_RUNPATH_SEARCH_PATHS = (
					"$(inherited)",
					"@executable_path/Frameworks",
					"@loader_path/Frameworks",
				);
				PRODUCT_BUNDLE_IDENTIFIER = "at.ac.htl-leonding.ClownRoyaleUITests";
				PRODUCT_NAME = "$(TARGET_NAME)";
				SWIFT_VERSION = 5.0;
				TARGETED_DEVICE_FAMILY = "1,2";
				TEST_TARGET_NAME = ClownRoyale;
			};
			name = Debug;
		};
		7C6824B325F7A18D0072C4E5 /* Release */ = {
			isa = XCBuildConfiguration;
			buildSettings = {
				ALWAYS_EMBED_SWIFT_STANDARD_LIBRARIES = YES;
				CODE_SIGN_STYLE = Automatic;
				DEVELOPMENT_TEAM = 8Y34VBAGJR;
				INFOPLIST_FILE = ClownRoyaleUITests/Info.plist;
				LD_RUNPATH_SEARCH_PATHS = (
					"$(inherited)",
					"@executable_path/Frameworks",
					"@loader_path/Frameworks",
				);
				PRODUCT_BUNDLE_IDENTIFIER = "at.ac.htl-leonding.ClownRoyaleUITests";
				PRODUCT_NAME = "$(TARGET_NAME)";
				SWIFT_VERSION = 5.0;
				TARGETED_DEVICE_FAMILY = "1,2";
				TEST_TARGET_NAME = ClownRoyale;
			};
			name = Release;
		};
/* End XCBuildConfiguration section */

/* Begin XCConfigurationList section */
		7C68247C25F7A18A0072C4E5 /* Build configuration list for PBXProject "ClownRoyale" */ = {
			isa = XCConfigurationList;
			buildConfigurations = (
				7C6824A925F7A18D0072C4E5 /* Debug */,
				7C6824AA25F7A18D0072C4E5 /* Release */,
			);
			defaultConfigurationIsVisible = 0;
			defaultConfigurationName = Release;
		};
		7C6824AB25F7A18D0072C4E5 /* Build configuration list for PBXNativeTarget "ClownRoyale" */ = {
			isa = XCConfigurationList;
			buildConfigurations = (
				7C6824AC25F7A18D0072C4E5 /* Debug */,
				7C6824AD25F7A18D0072C4E5 /* Release */,
			);
			defaultConfigurationIsVisible = 0;
			defaultConfigurationName = Release;
		};
		7C6824AE25F7A18D0072C4E5 /* Build configuration list for PBXNativeTarget "ClownRoyaleTests" */ = {
			isa = XCConfigurationList;
			buildConfigurations = (
				7C6824AF25F7A18D0072C4E5 /* Debug */,
				7C6824B025F7A18D0072C4E5 /* Release */,
			);
			defaultConfigurationIsVisible = 0;
			defaultConfigurationName = Release;
		};
		7C6824B125F7A18D0072C4E5 /* Build configuration list for PBXNativeTarget "ClownRoyaleUITests" */ = {
			isa = XCConfigurationList;
			buildConfigurations = (
				7C6824B225F7A18D0072C4E5 /* Debug */,
				7C6824B325F7A18D0072C4E5 /* Release */,
			);
			defaultConfigurationIsVisible = 0;
			defaultConfigurationName = Release;
		};
/* End XCConfigurationList section */
	};
	rootObject = 7C68247925F7A18A0072C4E5 /* Project object */;
}
