// !$*UTF8*$!
{
	archiveVersion = 1;
	classes = {
	};
	objectVersion = 50;
	objects = {

/* Begin PBXBuildFile section */
		3084564C25FA6B0100555B80 /* AppLoadingView.swift in Sources */ = {isa = PBXBuildFile; fileRef = 3084564B25FA6B0100555B80 /* AppLoadingView.swift */; };
		7C739D0726039147009F5626 /* RankingUIView.swift in Sources */ = {isa = PBXBuildFile; fileRef = 7C739D0626039146009F5626 /* RankingUIView.swift */; };
		7C9BB1AC25FA4DA600EB3574 /* LobbyUIView.swift in Sources */ = {isa = PBXBuildFile; fileRef = 7C9BB1AB25FA4DA600EB3574 /* LobbyUIView.swift */; };
		7C9BB1B125FA591D00EB3574 /* ProfilePicUIView.swift in Sources */ = {isa = PBXBuildFile; fileRef = 7C9BB1B025FA591D00EB3574 /* ProfilePicUIView.swift */; };
		7CC6CD7025F91A8C009C4C02 /* ClownRoyaleApp.swift in Sources */ = {isa = PBXBuildFile; fileRef = 7CC6CD6F25F91A8C009C4C02 /* ClownRoyaleApp.swift */; };
		7CC6CD7225F91A8C009C4C02 /* ContentView.swift in Sources */ = {isa = PBXBuildFile; fileRef = 7CC6CD7125F91A8C009C4C02 /* ContentView.swift */; };
		7CC6CD7425F91A8E009C4C02 /* Assets.xcassets in Resources */ = {isa = PBXBuildFile; fileRef = 7CC6CD7325F91A8E009C4C02 /* Assets.xcassets */; };
		7CC6CD7725F91A8E009C4C02 /* Preview Assets.xcassets in Resources */ = {isa = PBXBuildFile; fileRef = 7CC6CD7625F91A8E009C4C02 /* Preview Assets.xcassets */; };
		7CC6CD8225F91A8E009C4C02 /* ClownRoyaleTests.swift in Sources */ = {isa = PBXBuildFile; fileRef = 7CC6CD8125F91A8E009C4C02 /* ClownRoyaleTests.swift */; };
		7CC6CD8D25F91A8E009C4C02 /* ClownRoyaleUITests.swift in Sources */ = {isa = PBXBuildFile; fileRef = 7CC6CD8C25F91A8E009C4C02 /* ClownRoyaleUITests.swift */; };
		7CC6CDEA25F92327009C4C02 /* LoadingUIView.swift in Sources */ = {isa = PBXBuildFile; fileRef = 7CC6CDE925F92327009C4C02 /* LoadingUIView.swift */; };
		A914D5CB2607719100626375 /* ProfileView.swift in Sources */ = {isa = PBXBuildFile; fileRef = A914D5CA2607719100626375 /* ProfileView.swift */; };
		DDED29C626088DEE00793477 /* GamePerspectiveOwn.swift in Sources */ = {isa = PBXBuildFile; fileRef = DDED29C526088DEE00793477 /* GamePerspectiveOwn.swift */; };
/* End PBXBuildFile section */

/* Begin PBXContainerItemProxy section */
		7CC6CD7E25F91A8E009C4C02 /* PBXContainerItemProxy */ = {
			isa = PBXContainerItemProxy;
			containerPortal = 7CC6CD6425F91A8C009C4C02 /* Project object */;
			proxyType = 1;
			remoteGlobalIDString = 7CC6CD6B25F91A8C009C4C02;
			remoteInfo = ClownRoyale;
		};
		7CC6CD8925F91A8E009C4C02 /* PBXContainerItemProxy */ = {
			isa = PBXContainerItemProxy;
			containerPortal = 7CC6CD6425F91A8C009C4C02 /* Project object */;
			proxyType = 1;
			remoteGlobalIDString = 7CC6CD6B25F91A8C009C4C02;
			remoteInfo = ClownRoyale;
		};
/* End PBXContainerItemProxy section */

/* Begin PBXFileReference section */
		3084564B25FA6B0100555B80 /* AppLoadingView.swift */ = {isa = PBXFileReference; fileEncoding = 4; lastKnownFileType = sourcecode.swift; path = AppLoadingView.swift; sourceTree = "<group>"; };
		7C739D0626039146009F5626 /* RankingUIView.swift */ = {isa = PBXFileReference; lastKnownFileType = sourcecode.swift; path = RankingUIView.swift; sourceTree = "<group>"; };
		7C9BB1AB25FA4DA600EB3574 /* LobbyUIView.swift */ = {isa = PBXFileReference; lastKnownFileType = sourcecode.swift; path = LobbyUIView.swift; sourceTree = "<group>"; };
		7C9BB1B025FA591D00EB3574 /* ProfilePicUIView.swift */ = {isa = PBXFileReference; lastKnownFileType = sourcecode.swift; path = ProfilePicUIView.swift; sourceTree = "<group>"; };
		7CC6CD6C25F91A8C009C4C02 /* ClownRoyale.app */ = {isa = PBXFileReference; explicitFileType = wrapper.application; includeInIndex = 0; path = ClownRoyale.app; sourceTree = BUILT_PRODUCTS_DIR; };
		7CC6CD6F25F91A8C009C4C02 /* ClownRoyaleApp.swift */ = {isa = PBXFileReference; lastKnownFileType = sourcecode.swift; path = ClownRoyaleApp.swift; sourceTree = "<group>"; };
		7CC6CD7125F91A8C009C4C02 /* ContentView.swift */ = {isa = PBXFileReference; lastKnownFileType = sourcecode.swift; path = ContentView.swift; sourceTree = "<group>"; };
		7CC6CD7325F91A8E009C4C02 /* Assets.xcassets */ = {isa = PBXFileReference; lastKnownFileType = folder.assetcatalog; path = Assets.xcassets; sourceTree = "<group>"; };
		7CC6CD7625F91A8E009C4C02 /* Preview Assets.xcassets */ = {isa = PBXFileReference; lastKnownFileType = folder.assetcatalog; path = "Preview Assets.xcassets"; sourceTree = "<group>"; };
		7CC6CD7825F91A8E009C4C02 /* Info.plist */ = {isa = PBXFileReference; lastKnownFileType = text.plist.xml; path = Info.plist; sourceTree = "<group>"; };
		7CC6CD7D25F91A8E009C4C02 /* ClownRoyaleTests.xctest */ = {isa = PBXFileReference; explicitFileType = wrapper.cfbundle; includeInIndex = 0; path = ClownRoyaleTests.xctest; sourceTree = BUILT_PRODUCTS_DIR; };
		7CC6CD8125F91A8E009C4C02 /* ClownRoyaleTests.swift */ = {isa = PBXFileReference; lastKnownFileType = sourcecode.swift; path = ClownRoyaleTests.swift; sourceTree = "<group>"; };
		7CC6CD8325F91A8E009C4C02 /* Info.plist */ = {isa = PBXFileReference; lastKnownFileType = text.plist.xml; path = Info.plist; sourceTree = "<group>"; };
		7CC6CD8825F91A8E009C4C02 /* ClownRoyaleUITests.xctest */ = {isa = PBXFileReference; explicitFileType = wrapper.cfbundle; includeInIndex = 0; path = ClownRoyaleUITests.xctest; sourceTree = BUILT_PRODUCTS_DIR; };
		7CC6CD8C25F91A8E009C4C02 /* ClownRoyaleUITests.swift */ = {isa = PBXFileReference; lastKnownFileType = sourcecode.swift; path = ClownRoyaleUITests.swift; sourceTree = "<group>"; };
		7CC6CD8E25F91A8E009C4C02 /* Info.plist */ = {isa = PBXFileReference; lastKnownFileType = text.plist.xml; path = Info.plist; sourceTree = "<group>"; };
		7CC6CDE925F92327009C4C02 /* LoadingUIView.swift */ = {isa = PBXFileReference; lastKnownFileType = sourcecode.swift; path = LoadingUIView.swift; sourceTree = "<group>"; };
		A914D5CA2607719100626375 /* ProfileView.swift */ = {isa = PBXFileReference; lastKnownFileType = sourcecode.swift; path = ProfileView.swift; sourceTree = "<group>"; };
		DDED29C526088DEE00793477 /* GamePerspectiveOwn.swift */ = {isa = PBXFileReference; lastKnownFileType = sourcecode.swift; path = GamePerspectiveOwn.swift; sourceTree = "<group>"; };
/* End PBXFileReference section */

/* Begin PBXFrameworksBuildPhase section */
		7CC6CD6925F91A8C009C4C02 /* Frameworks */ = {
			isa = PBXFrameworksBuildPhase;
			buildActionMask = 2147483647;
			files = (
			);
			runOnlyForDeploymentPostprocessing = 0;
		};
		7CC6CD7A25F91A8E009C4C02 /* Frameworks */ = {
			isa = PBXFrameworksBuildPhase;
			buildActionMask = 2147483647;
			files = (
			);
			runOnlyForDeploymentPostprocessing = 0;
		};
		7CC6CD8525F91A8E009C4C02 /* Frameworks */ = {
			isa = PBXFrameworksBuildPhase;
			buildActionMask = 2147483647;
			files = (
			);
			runOnlyForDeploymentPostprocessing = 0;
		};
/* End PBXFrameworksBuildPhase section */

/* Begin PBXGroup section */
		7CC6CD6325F91A8C009C4C02 = {
			isa = PBXGroup;
			children = (
				7CC6CD6E25F91A8C009C4C02 /* ClownRoyale */,
				7CC6CD8025F91A8E009C4C02 /* ClownRoyaleTests */,
				7CC6CD8B25F91A8E009C4C02 /* ClownRoyaleUITests */,
				7CC6CD6D25F91A8C009C4C02 /* Products */,
			);
			sourceTree = "<group>";
		};
		7CC6CD6D25F91A8C009C4C02 /* Products */ = {
			isa = PBXGroup;
			children = (
				7CC6CD6C25F91A8C009C4C02 /* ClownRoyale.app */,
				7CC6CD7D25F91A8E009C4C02 /* ClownRoyaleTests.xctest */,
				7CC6CD8825F91A8E009C4C02 /* ClownRoyaleUITests.xctest */,
			);
			name = Products;
			sourceTree = "<group>";
		};
		7CC6CD6E25F91A8C009C4C02 /* ClownRoyale */ = {
			isa = PBXGroup;
			children = (
				7CC6CD6F25F91A8C009C4C02 /* ClownRoyaleApp.swift */,
				7CC6CD7125F91A8C009C4C02 /* ContentView.swift */,
				7CC6CDE925F92327009C4C02 /* LoadingUIView.swift */,
				3084564B25FA6B0100555B80 /* AppLoadingView.swift */,
				7C9BB1AB25FA4DA600EB3574 /* LobbyUIView.swift */,
				DDED29C526088DEE00793477 /* GamePerspectiveOwn.swift */,
				7C739D0626039146009F5626 /* RankingUIView.swift */,
				7CC6CD7325F91A8E009C4C02 /* Assets.xcassets */,
				7CC6CD7825F91A8E009C4C02 /* Info.plist */,
				7CC6CD7525F91A8E009C4C02 /* Preview Content */,
				7C9BB1B025FA591D00EB3574 /* ProfilePicUIView.swift */,
				A914D5CA2607719100626375 /* ProfileView.swift */,
			);
			path = ClownRoyale;
			sourceTree = "<group>";
		};
		7CC6CD7525F91A8E009C4C02 /* Preview Content */ = {
			isa = PBXGroup;
			children = (
				7CC6CD7625F91A8E009C4C02 /* Preview Assets.xcassets */,
			);
			path = "Preview Content";
			sourceTree = "<group>";
		};
		7CC6CD8025F91A8E009C4C02 /* ClownRoyaleTests */ = {
			isa = PBXGroup;
			children = (
				7CC6CD8125F91A8E009C4C02 /* ClownRoyaleTests.swift */,
				7CC6CD8325F91A8E009C4C02 /* Info.plist */,
			);
			path = ClownRoyaleTests;
			sourceTree = "<group>";
		};
		7CC6CD8B25F91A8E009C4C02 /* ClownRoyaleUITests */ = {
			isa = PBXGroup;
			children = (
				7CC6CD8C25F91A8E009C4C02 /* ClownRoyaleUITests.swift */,
				7CC6CD8E25F91A8E009C4C02 /* Info.plist */,
			);
			path = ClownRoyaleUITests;
			sourceTree = "<group>";
		};
/* End PBXGroup section */

/* Begin PBXNativeTarget section */
		7CC6CD6B25F91A8C009C4C02 /* ClownRoyale */ = {
			isa = PBXNativeTarget;
			buildConfigurationList = 7CC6CD9125F91A8E009C4C02 /* Build configuration list for PBXNativeTarget "ClownRoyale" */;
			buildPhases = (
				7CC6CD6825F91A8C009C4C02 /* Sources */,
				7CC6CD6925F91A8C009C4C02 /* Frameworks */,
				7CC6CD6A25F91A8C009C4C02 /* Resources */,
			);
			buildRules = (
			);
			dependencies = (
			);
			name = ClownRoyale;
			productName = ClownRoyale;
			productReference = 7CC6CD6C25F91A8C009C4C02 /* ClownRoyale.app */;
			productType = "com.apple.product-type.application";
		};
		7CC6CD7C25F91A8E009C4C02 /* ClownRoyaleTests */ = {
			isa = PBXNativeTarget;
			buildConfigurationList = 7CC6CD9425F91A8E009C4C02 /* Build configuration list for PBXNativeTarget "ClownRoyaleTests" */;
			buildPhases = (
				7CC6CD7925F91A8E009C4C02 /* Sources */,
				7CC6CD7A25F91A8E009C4C02 /* Frameworks */,
				7CC6CD7B25F91A8E009C4C02 /* Resources */,
			);
			buildRules = (
			);
			dependencies = (
				7CC6CD7F25F91A8E009C4C02 /* PBXTargetDependency */,
			);
			name = ClownRoyaleTests;
			productName = ClownRoyaleTests;
			productReference = 7CC6CD7D25F91A8E009C4C02 /* ClownRoyaleTests.xctest */;
			productType = "com.apple.product-type.bundle.unit-test";
		};
		7CC6CD8725F91A8E009C4C02 /* ClownRoyaleUITests */ = {
			isa = PBXNativeTarget;
			buildConfigurationList = 7CC6CD9725F91A8E009C4C02 /* Build configuration list for PBXNativeTarget "ClownRoyaleUITests" */;
			buildPhases = (
				7CC6CD8425F91A8E009C4C02 /* Sources */,
				7CC6CD8525F91A8E009C4C02 /* Frameworks */,
				7CC6CD8625F91A8E009C4C02 /* Resources */,
			);
			buildRules = (
			);
			dependencies = (
				7CC6CD8A25F91A8E009C4C02 /* PBXTargetDependency */,
			);
			name = ClownRoyaleUITests;
			productName = ClownRoyaleUITests;
			productReference = 7CC6CD8825F91A8E009C4C02 /* ClownRoyaleUITests.xctest */;
			productType = "com.apple.product-type.bundle.ui-testing";
		};
/* End PBXNativeTarget section */

/* Begin PBXProject section */
		7CC6CD6425F91A8C009C4C02 /* Project object */ = {
			isa = PBXProject;
			attributes = {
				LastSwiftUpdateCheck = 1240;
				LastUpgradeCheck = 1240;
				TargetAttributes = {
					7CC6CD6B25F91A8C009C4C02 = {
						CreatedOnToolsVersion = 12.4;
					};
					7CC6CD7C25F91A8E009C4C02 = {
						CreatedOnToolsVersion = 12.4;
						TestTargetID = 7CC6CD6B25F91A8C009C4C02;
					};
					7CC6CD8725F91A8E009C4C02 = {
						CreatedOnToolsVersion = 12.4;
						TestTargetID = 7CC6CD6B25F91A8C009C4C02;
					};
				};
			};
			buildConfigurationList = 7CC6CD6725F91A8C009C4C02 /* Build configuration list for PBXProject "ClownRoyale" */;
			compatibilityVersion = "Xcode 9.3";
			developmentRegion = en;
			hasScannedForEncodings = 0;
			knownRegions = (
				en,
				Base,
			);
			mainGroup = 7CC6CD6325F91A8C009C4C02;
			productRefGroup = 7CC6CD6D25F91A8C009C4C02 /* Products */;
			projectDirPath = "";
			projectRoot = "";
			targets = (
				7CC6CD6B25F91A8C009C4C02 /* ClownRoyale */,
				7CC6CD7C25F91A8E009C4C02 /* ClownRoyaleTests */,
				7CC6CD8725F91A8E009C4C02 /* ClownRoyaleUITests */,
			);
		};
/* End PBXProject section */

/* Begin PBXResourcesBuildPhase section */
		7CC6CD6A25F91A8C009C4C02 /* Resources */ = {
			isa = PBXResourcesBuildPhase;
			buildActionMask = 2147483647;
			files = (
				7CC6CD7725F91A8E009C4C02 /* Preview Assets.xcassets in Resources */,
				7CC6CD7425F91A8E009C4C02 /* Assets.xcassets in Resources */,
			);
			runOnlyForDeploymentPostprocessing = 0;
		};
		7CC6CD7B25F91A8E009C4C02 /* Resources */ = {
			isa = PBXResourcesBuildPhase;
			buildActionMask = 2147483647;
			files = (
			);
			runOnlyForDeploymentPostprocessing = 0;
		};
		7CC6CD8625F91A8E009C4C02 /* Resources */ = {
			isa = PBXResourcesBuildPhase;
			buildActionMask = 2147483647;
			files = (
			);
			runOnlyForDeploymentPostprocessing = 0;
		};
/* End PBXResourcesBuildPhase section */

/* Begin PBXSourcesBuildPhase section */
		7CC6CD6825F91A8C009C4C02 /* Sources */ = {
			isa = PBXSourcesBuildPhase;
			buildActionMask = 2147483647;
			files = (
				DDED29C626088DEE00793477 /* GamePerspectiveOwn.swift in Sources */,
				A914D5CB2607719100626375 /* ProfileView.swift in Sources */,
				7CC6CD7225F91A8C009C4C02 /* ContentView.swift in Sources */,
				3084564C25FA6B0100555B80 /* AppLoadingView.swift in Sources */,
				7C9BB1AC25FA4DA600EB3574 /* LobbyUIView.swift in Sources */,
				7CC6CDEA25F92327009C4C02 /* LoadingUIView.swift in Sources */,
				7CC6CD7025F91A8C009C4C02 /* ClownRoyaleApp.swift in Sources */,
				7C9BB1B125FA591D00EB3574 /* ProfilePicUIView.swift in Sources */,
				7C739D0726039147009F5626 /* RankingUIView.swift in Sources */,
			);
			runOnlyForDeploymentPostprocessing = 0;
		};
		7CC6CD7925F91A8E009C4C02 /* Sources */ = {
			isa = PBXSourcesBuildPhase;
			buildActionMask = 2147483647;
			files = (
				7CC6CD8225F91A8E009C4C02 /* ClownRoyaleTests.swift in Sources */,
			);
			runOnlyForDeploymentPostprocessing = 0;
		};
		7CC6CD8425F91A8E009C4C02 /* Sources */ = {
			isa = PBXSourcesBuildPhase;
			buildActionMask = 2147483647;
			files = (
				7CC6CD8D25F91A8E009C4C02 /* ClownRoyaleUITests.swift in Sources */,
			);
			runOnlyForDeploymentPostprocessing = 0;
		};
/* End PBXSourcesBuildPhase section */

/* Begin PBXTargetDependency section */
		7CC6CD7F25F91A8E009C4C02 /* PBXTargetDependency */ = {
			isa = PBXTargetDependency;
			target = 7CC6CD6B25F91A8C009C4C02 /* ClownRoyale */;
			targetProxy = 7CC6CD7E25F91A8E009C4C02 /* PBXContainerItemProxy */;
		};
		7CC6CD8A25F91A8E009C4C02 /* PBXTargetDependency */ = {
			isa = PBXTargetDependency;
			target = 7CC6CD6B25F91A8C009C4C02 /* ClownRoyale */;
			targetProxy = 7CC6CD8925F91A8E009C4C02 /* PBXContainerItemProxy */;
		};
/* End PBXTargetDependency section */

/* Begin XCBuildConfiguration section */
		7CC6CD8F25F91A8E009C4C02 /* Debug */ = {
			isa = XCBuildConfiguration;
			buildSettings = {
				ALWAYS_SEARCH_USER_PATHS = NO;
				CLANG_ANALYZER_NONNULL = YES;
				CLANG_ANALYZER_NUMBER_OBJECT_CONVERSION = YES_AGGRESSIVE;
				CLANG_CXX_LANGUAGE_STANDARD = "gnu++14";
				CLANG_CXX_LIBRARY = "libc++";
				CLANG_ENABLE_MODULES = YES;
				CLANG_ENABLE_OBJC_ARC = YES;
				CLANG_ENABLE_OBJC_WEAK = YES;
				CLANG_WARN_BLOCK_CAPTURE_AUTORELEASING = YES;
				CLANG_WARN_BOOL_CONVERSION = YES;
				CLANG_WARN_COMMA = YES;
				CLANG_WARN_CONSTANT_CONVERSION = YES;
				CLANG_WARN_DEPRECATED_OBJC_IMPLEMENTATIONS = YES;
				CLANG_WARN_DIRECT_OBJC_ISA_USAGE = YES_ERROR;
				CLANG_WARN_DOCUMENTATION_COMMENTS = YES;
				CLANG_WARN_EMPTY_BODY = YES;
				CLANG_WARN_ENUM_CONVERSION = YES;
				CLANG_WARN_INFINITE_RECURSION = YES;
				CLANG_WARN_INT_CONVERSION = YES;
				CLANG_WARN_NON_LITERAL_NULL_CONVERSION = YES;
				CLANG_WARN_OBJC_IMPLICIT_RETAIN_SELF = YES;
				CLANG_WARN_OBJC_LITERAL_CONVERSION = YES;
				CLANG_WARN_OBJC_ROOT_CLASS = YES_ERROR;
				CLANG_WARN_QUOTED_INCLUDE_IN_FRAMEWORK_HEADER = YES;
				CLANG_WARN_RANGE_LOOP_ANALYSIS = YES;
				CLANG_WARN_STRICT_PROTOTYPES = YES;
				CLANG_WARN_SUSPICIOUS_MOVE = YES;
				CLANG_WARN_UNGUARDED_AVAILABILITY = YES_AGGRESSIVE;
				CLANG_WARN_UNREACHABLE_CODE = YES;
				CLANG_WARN__DUPLICATE_METHOD_MATCH = YES;
				COPY_PHASE_STRIP = NO;
				DEBUG_INFORMATION_FORMAT = dwarf;
				ENABLE_STRICT_OBJC_MSGSEND = YES;
				ENABLE_TESTABILITY = YES;
				GCC_C_LANGUAGE_STANDARD = gnu11;
				GCC_DYNAMIC_NO_PIC = NO;
				GCC_NO_COMMON_BLOCKS = YES;
				GCC_OPTIMIZATION_LEVEL = 0;
				GCC_PREPROCESSOR_DEFINITIONS = (
					"DEBUG=1",
					"$(inherited)",
				);
				GCC_WARN_64_TO_32_BIT_CONVERSION = YES;
				GCC_WARN_ABOUT_RETURN_TYPE = YES_ERROR;
				GCC_WARN_UNDECLARED_SELECTOR = YES;
				GCC_WARN_UNINITIALIZED_AUTOS = YES_AGGRESSIVE;
				GCC_WARN_UNUSED_FUNCTION = YES;
				GCC_WARN_UNUSED_VARIABLE = YES;
				IPHONEOS_DEPLOYMENT_TARGET = 14.4;
				MTL_ENABLE_DEBUG_INFO = INCLUDE_SOURCE;
				MTL_FAST_MATH = YES;
				ONLY_ACTIVE_ARCH = YES;
				SDKROOT = iphoneos;
				SWIFT_ACTIVE_COMPILATION_CONDITIONS = DEBUG;
				SWIFT_OPTIMIZATION_LEVEL = "-Onone";
			};
			name = Debug;
		};
		7CC6CD9025F91A8E009C4C02 /* Release */ = {
			isa = XCBuildConfiguration;
			buildSettings = {
				ALWAYS_SEARCH_USER_PATHS = NO;
				CLANG_ANALYZER_NONNULL = YES;
				CLANG_ANALYZER_NUMBER_OBJECT_CONVERSION = YES_AGGRESSIVE;
				CLANG_CXX_LANGUAGE_STANDARD = "gnu++14";
				CLANG_CXX_LIBRARY = "libc++";
				CLANG_ENABLE_MODULES = YES;
				CLANG_ENABLE_OBJC_ARC = YES;
				CLANG_ENABLE_OBJC_WEAK = YES;
				CLANG_WARN_BLOCK_CAPTURE_AUTORELEASING = YES;
				CLANG_WARN_BOOL_CONVERSION = YES;
				CLANG_WARN_COMMA = YES;
				CLANG_WARN_CONSTANT_CONVERSION = YES;
				CLANG_WARN_DEPRECATED_OBJC_IMPLEMENTATIONS = YES;
				CLANG_WARN_DIRECT_OBJC_ISA_USAGE = YES_ERROR;
				CLANG_WARN_DOCUMENTATION_COMMENTS = YES;
				CLANG_WARN_EMPTY_BODY = YES;
				CLANG_WARN_ENUM_CONVERSION = YES;
				CLANG_WARN_INFINITE_RECURSION = YES;
				CLANG_WARN_INT_CONVERSION = YES;
				CLANG_WARN_NON_LITERAL_NULL_CONVERSION = YES;
				CLANG_WARN_OBJC_IMPLICIT_RETAIN_SELF = YES;
				CLANG_WARN_OBJC_LITERAL_CONVERSION = YES;
				CLANG_WARN_OBJC_ROOT_CLASS = YES_ERROR;
				CLANG_WARN_QUOTED_INCLUDE_IN_FRAMEWORK_HEADER = YES;
				CLANG_WARN_RANGE_LOOP_ANALYSIS = YES;
				CLANG_WARN_STRICT_PROTOTYPES = YES;
				CLANG_WARN_SUSPICIOUS_MOVE = YES;
				CLANG_WARN_UNGUARDED_AVAILABILITY = YES_AGGRESSIVE;
				CLANG_WARN_UNREACHABLE_CODE = YES;
				CLANG_WARN__DUPLICATE_METHOD_MATCH = YES;
				COPY_PHASE_STRIP = NO;
				DEBUG_INFORMATION_FORMAT = "dwarf-with-dsym";
				ENABLE_NS_ASSERTIONS = NO;
				ENABLE_STRICT_OBJC_MSGSEND = YES;
				GCC_C_LANGUAGE_STANDARD = gnu11;
				GCC_NO_COMMON_BLOCKS = YES;
				GCC_WARN_64_TO_32_BIT_CONVERSION = YES;
				GCC_WARN_ABOUT_RETURN_TYPE = YES_ERROR;
				GCC_WARN_UNDECLARED_SELECTOR = YES;
				GCC_WARN_UNINITIALIZED_AUTOS = YES_AGGRESSIVE;
				GCC_WARN_UNUSED_FUNCTION = YES;
				GCC_WARN_UNUSED_VARIABLE = YES;
				IPHONEOS_DEPLOYMENT_TARGET = 14.4;
				MTL_ENABLE_DEBUG_INFO = NO;
				MTL_FAST_MATH = YES;
				SDKROOT = iphoneos;
				SWIFT_COMPILATION_MODE = wholemodule;
				SWIFT_OPTIMIZATION_LEVEL = "-O";
				VALIDATE_PRODUCT = YES;
			};
			name = Release;
		};
		7CC6CD9225F91A8E009C4C02 /* Debug */ = {
			isa = XCBuildConfiguration;
			buildSettings = {
				ASSETCATALOG_COMPILER_APPICON_NAME = AppIcon;
				ASSETCATALOG_COMPILER_GLOBAL_ACCENT_COLOR_NAME = AccentColor;
				CODE_SIGN_STYLE = Automatic;
				DEVELOPMENT_ASSET_PATHS = "\"ClownRoyale/Preview Content\"";
				DEVELOPMENT_TEAM = 8Y34VBAGJR;
				ENABLE_PREVIEWS = YES;
				INFOPLIST_FILE = ClownRoyale/Info.plist;
				IPHONEOS_DEPLOYMENT_TARGET = 14.0;
				LD_RUNPATH_SEARCH_PATHS = (
					"$(inherited)",
					"@executable_path/Frameworks",
				);
				PRODUCT_BUNDLE_IDENTIFIER = "at.ac.htl-leonding.ClownRoyale";
				PRODUCT_NAME = "$(TARGET_NAME)";
				SWIFT_VERSION = 5.0;
				TARGETED_DEVICE_FAMILY = "1,2";
			};
			name = Debug;
		};
		7CC6CD9325F91A8E009C4C02 /* Release */ = {
			isa = XCBuildConfiguration;
			buildSettings = {
				ASSETCATALOG_COMPILER_APPICON_NAME = AppIcon;
				ASSETCATALOG_COMPILER_GLOBAL_ACCENT_COLOR_NAME = AccentColor;
				CODE_SIGN_STYLE = Automatic;
				DEVELOPMENT_ASSET_PATHS = "\"ClownRoyale/Preview Content\"";
				DEVELOPMENT_TEAM = 8Y34VBAGJR;
				ENABLE_PREVIEWS = YES;
				INFOPLIST_FILE = ClownRoyale/Info.plist;
				IPHONEOS_DEPLOYMENT_TARGET = 14.0;
				LD_RUNPATH_SEARCH_PATHS = (
					"$(inherited)",
					"@executable_path/Frameworks",
				);
				PRODUCT_BUNDLE_IDENTIFIER = "at.ac.htl-leonding.ClownRoyale";
				PRODUCT_NAME = "$(TARGET_NAME)";
				SWIFT_VERSION = 5.0;
				TARGETED_DEVICE_FAMILY = "1,2";
			};
			name = Release;
		};
		7CC6CD9525F91A8E009C4C02 /* Debug */ = {
			isa = XCBuildConfiguration;
			buildSettings = {
				ALWAYS_EMBED_SWIFT_STANDARD_LIBRARIES = YES;
				BUNDLE_LOADER = "$(TEST_HOST)";
				CODE_SIGN_STYLE = Automatic;
				DEVELOPMENT_TEAM = 8Y34VBAGJR;
				INFOPLIST_FILE = ClownRoyaleTests/Info.plist;
				IPHONEOS_DEPLOYMENT_TARGET = 14.0;
				LD_RUNPATH_SEARCH_PATHS = (
					"$(inherited)",
					"@executable_path/Frameworks",
					"@loader_path/Frameworks",
				);
				PRODUCT_BUNDLE_IDENTIFIER = "at.ac.htl-leonding.ClownRoyaleTests";
				PRODUCT_NAME = "$(TARGET_NAME)";
				SWIFT_VERSION = 5.0;
				TARGETED_DEVICE_FAMILY = "1,2";
				TEST_HOST = "$(BUILT_PRODUCTS_DIR)/ClownRoyale.app/ClownRoyale";
			};
			name = Debug;
		};
		7CC6CD9625F91A8E009C4C02 /* Release */ = {
			isa = XCBuildConfiguration;
			buildSettings = {
				ALWAYS_EMBED_SWIFT_STANDARD_LIBRARIES = YES;
				BUNDLE_LOADER = "$(TEST_HOST)";
				CODE_SIGN_STYLE = Automatic;
				DEVELOPMENT_TEAM = 8Y34VBAGJR;
				INFOPLIST_FILE = ClownRoyaleTests/Info.plist;
				IPHONEOS_DEPLOYMENT_TARGET = 14.0;
				LD_RUNPATH_SEARCH_PATHS = (
					"$(inherited)",
					"@executable_path/Frameworks",
					"@loader_path/Frameworks",
				);
				PRODUCT_BUNDLE_IDENTIFIER = "at.ac.htl-leonding.ClownRoyaleTests";
				PRODUCT_NAME = "$(TARGET_NAME)";
				SWIFT_VERSION = 5.0;
				TARGETED_DEVICE_FAMILY = "1,2";
				TEST_HOST = "$(BUILT_PRODUCTS_DIR)/ClownRoyale.app/ClownRoyale";
			};
			name = Release;
		};
		7CC6CD9825F91A8E009C4C02 /* Debug */ = {
			isa = XCBuildConfiguration;
			buildSettings = {
				ALWAYS_EMBED_SWIFT_STANDARD_LIBRARIES = YES;
				CODE_SIGN_STYLE = Automatic;
				DEVELOPMENT_TEAM = 8Y34VBAGJR;
				INFOPLIST_FILE = ClownRoyaleUITests/Info.plist;
				LD_RUNPATH_SEARCH_PATHS = (
					"$(inherited)",
					"@executable_path/Frameworks",
					"@loader_path/Frameworks",
				);
				PRODUCT_BUNDLE_IDENTIFIER = "at.ac.htl-leonding.ClownRoyaleUITests";
				PRODUCT_NAME = "$(TARGET_NAME)";
				SWIFT_VERSION = 5.0;
				TARGETED_DEVICE_FAMILY = "1,2";
				TEST_TARGET_NAME = ClownRoyale;
			};
			name = Debug;
		};
		7CC6CD9925F91A8E009C4C02 /* Release */ = {
			isa = XCBuildConfiguration;
			buildSettings = {
				ALWAYS_EMBED_SWIFT_STANDARD_LIBRARIES = YES;
				CODE_SIGN_STYLE = Automatic;
				DEVELOPMENT_TEAM = 8Y34VBAGJR;
				INFOPLIST_FILE = ClownRoyaleUITests/Info.plist;
				LD_RUNPATH_SEARCH_PATHS = (
					"$(inherited)",
					"@executable_path/Frameworks",
					"@loader_path/Frameworks",
				);
				PRODUCT_BUNDLE_IDENTIFIER = "at.ac.htl-leonding.ClownRoyaleUITests";
				PRODUCT_NAME = "$(TARGET_NAME)";
				SWIFT_VERSION = 5.0;
				TARGETED_DEVICE_FAMILY = "1,2";
				TEST_TARGET_NAME = ClownRoyale;
			};
			name = Release;
		};
/* End XCBuildConfiguration section */

/* Begin XCConfigurationList section */
		7CC6CD6725F91A8C009C4C02 /* Build configuration list for PBXProject "ClownRoyale" */ = {
			isa = XCConfigurationList;
			buildConfigurations = (
				7CC6CD8F25F91A8E009C4C02 /* Debug */,
				7CC6CD9025F91A8E009C4C02 /* Release */,
			);
			defaultConfigurationIsVisible = 0;
			defaultConfigurationName = Release;
		};
		7CC6CD9125F91A8E009C4C02 /* Build configuration list for PBXNativeTarget "ClownRoyale" */ = {
			isa = XCConfigurationList;
			buildConfigurations = (
				7CC6CD9225F91A8E009C4C02 /* Debug */,
				7CC6CD9325F91A8E009C4C02 /* Release */,
			);
			defaultConfigurationIsVisible = 0;
			defaultConfigurationName = Release;
		};
		7CC6CD9425F91A8E009C4C02 /* Build configuration list for PBXNativeTarget "ClownRoyaleTests" */ = {
			isa = XCConfigurationList;
			buildConfigurations = (
				7CC6CD9525F91A8E009C4C02 /* Debug */,
				7CC6CD9625F91A8E009C4C02 /* Release */,
			);
			defaultConfigurationIsVisible = 0;
			defaultConfigurationName = Release;
		};
		7CC6CD9725F91A8E009C4C02 /* Build configuration list for PBXNativeTarget "ClownRoyaleUITests" */ = {
			isa = XCConfigurationList;
			buildConfigurations = (
				7CC6CD9825F91A8E009C4C02 /* Debug */,
				7CC6CD9925F91A8E009C4C02 /* Release */,
			);
			defaultConfigurationIsVisible = 0;
			defaultConfigurationName = Release;
		};
/* End XCConfigurationList section */
	};
	rootObject = 7CC6CD6425F91A8C009C4C02 /* Project object */;
}
