// !$*UTF8*$!
{
	archiveVersion = 1;
	classes = {
	};
	objectVersion = 51;
	objects = {

/* Begin PBXBuildFile section */
		D0F81BCC907F77603420CD01 /* libPods-ClownRoyale.a in Frameworks */ = {isa = PBXBuildFile; fileRef = 3252A94C6E68EDC68437D84D /* libPods-ClownRoyale.a */; };
		DD0157B325E026B000DF141D /* Utils.swift in Sources */ = {isa = PBXBuildFile; fileRef = DD0157B225E026B000DF141D /* Utils.swift */; };
		DD0157B625E0273000DF141D /* Settings.swift in Sources */ = {isa = PBXBuildFile; fileRef = DD0157B525E0273000DF141D /* Settings.swift */; };
		DD17514D25E01F280032DF46 /* AppDelegate.swift in Sources */ = {isa = PBXBuildFile; fileRef = DD17514C25E01F280032DF46 /* AppDelegate.swift */; };
		DD17514F25E01F280032DF46 /* SceneDelegate.swift in Sources */ = {isa = PBXBuildFile; fileRef = DD17514E25E01F280032DF46 /* SceneDelegate.swift */; };
		DD17515125E01F280032DF46 /* ViewController.swift in Sources */ = {isa = PBXBuildFile; fileRef = DD17515025E01F280032DF46 /* ViewController.swift */; };
		DD17515425E01F280032DF46 /* Main.storyboard in Resources */ = {isa = PBXBuildFile; fileRef = DD17515225E01F280032DF46 /* Main.storyboard */; };
		DD17515625E01F290032DF46 /* Assets.xcassets in Resources */ = {isa = PBXBuildFile; fileRef = DD17515525E01F290032DF46 /* Assets.xcassets */; };
		DD17515925E01F290032DF46 /* LaunchScreen.storyboard in Resources */ = {isa = PBXBuildFile; fileRef = DD17515725E01F290032DF46 /* LaunchScreen.storyboard */; };
/* End PBXBuildFile section */

/* Begin PBXFileReference section */
		2E03616A3B762FEE465CF629 /* Pods-ClownRoyale.debug.xcconfig */ = {isa = PBXFileReference; includeInIndex = 1; lastKnownFileType = text.xcconfig; name = "Pods-ClownRoyale.debug.xcconfig"; path = "Target Support Files/Pods-ClownRoyale/Pods-ClownRoyale.debug.xcconfig"; sourceTree = "<group>"; };
		3252A94C6E68EDC68437D84D /* libPods-ClownRoyale.a */ = {isa = PBXFileReference; explicitFileType = archive.ar; includeInIndex = 0; path = "libPods-ClownRoyale.a"; sourceTree = BUILT_PRODUCTS_DIR; };
		DD0157B225E026B000DF141D /* Utils.swift */ = {isa = PBXFileReference; lastKnownFileType = sourcecode.swift; path = Utils.swift; sourceTree = "<group>"; };
		DD0157B525E0273000DF141D /* Settings.swift */ = {isa = PBXFileReference; lastKnownFileType = sourcecode.swift; path = Settings.swift; sourceTree = "<group>"; };
		DD17514925E01F280032DF46 /* ClownRoyale.app */ = {isa = PBXFileReference; explicitFileType = wrapper.application; includeInIndex = 0; path = ClownRoyale.app; sourceTree = BUILT_PRODUCTS_DIR; };
		DD17514C25E01F280032DF46 /* AppDelegate.swift */ = {isa = PBXFileReference; lastKnownFileType = sourcecode.swift; path = AppDelegate.swift; sourceTree = "<group>"; };
		DD17514E25E01F280032DF46 /* SceneDelegate.swift */ = {isa = PBXFileReference; lastKnownFileType = sourcecode.swift; path = SceneDelegate.swift; sourceTree = "<group>"; };
		DD17515025E01F280032DF46 /* ViewController.swift */ = {isa = PBXFileReference; lastKnownFileType = sourcecode.swift; path = ViewController.swift; sourceTree = "<group>"; };
		DD17515325E01F280032DF46 /* Base */ = {isa = PBXFileReference; lastKnownFileType = file.storyboard; name = Base; path = Base.lproj/Main.storyboard; sourceTree = "<group>"; };
		DD17515525E01F290032DF46 /* Assets.xcassets */ = {isa = PBXFileReference; lastKnownFileType = folder.assetcatalog; path = Assets.xcassets; sourceTree = "<group>"; };
		DD17515825E01F290032DF46 /* Base */ = {isa = PBXFileReference; lastKnownFileType = file.storyboard; name = Base; path = Base.lproj/LaunchScreen.storyboard; sourceTree = "<group>"; };
		DD17515A25E01F290032DF46 /* Info.plist */ = {isa = PBXFileReference; lastKnownFileType = text.plist.xml; path = Info.plist; sourceTree = "<group>"; };
		E498B5345719F530DE2C79D0 /* Pods-ClownRoyale.release.xcconfig */ = {isa = PBXFileReference; includeInIndex = 1; lastKnownFileType = text.xcconfig; name = "Pods-ClownRoyale.release.xcconfig"; path = "Target Support Files/Pods-ClownRoyale/Pods-ClownRoyale.release.xcconfig"; sourceTree = "<group>"; };
/* End PBXFileReference section */

/* Begin PBXFrameworksBuildPhase section */
		DD17514625E01F280032DF46 /* Frameworks */ = {
			isa = PBXFrameworksBuildPhase;
			buildActionMask = 2147483647;
			files = (
				D0F81BCC907F77603420CD01 /* libPods-ClownRoyale.a in Frameworks */,
			);
			runOnlyForDeploymentPostprocessing = 0;
		};
/* End PBXFrameworksBuildPhase section */

/* Begin PBXGroup section */
		A6EE7F95A9B8BDDF29226224 /* Frameworks */ = {
			isa = PBXGroup;
			children = (
				3252A94C6E68EDC68437D84D /* libPods-ClownRoyale.a */,
			);
			name = Frameworks;
			sourceTree = "<group>";
		};
		C5CB5A92CEE9A666C21DB240 /* Pods */ = {
			isa = PBXGroup;
			children = (
				2E03616A3B762FEE465CF629 /* Pods-ClownRoyale.debug.xcconfig */,
				E498B5345719F530DE2C79D0 /* Pods-ClownRoyale.release.xcconfig */,
			);
			path = Pods;
			sourceTree = "<group>";
		};
		DD17514025E01F280032DF46 = {
			isa = PBXGroup;
			children = (
				DD17514B25E01F280032DF46 /* ClownRoyale */,
				DD17514A25E01F280032DF46 /* Products */,
				C5CB5A92CEE9A666C21DB240 /* Pods */,
				A6EE7F95A9B8BDDF29226224 /* Frameworks */,
			);
			sourceTree = "<group>";
		};
		DD17514A25E01F280032DF46 /* Products */ = {
			isa = PBXGroup;
			children = (
				DD17514925E01F280032DF46 /* ClownRoyale.app */,
			);
			name = Products;
			sourceTree = "<group>";
		};
		DD17514B25E01F280032DF46 /* ClownRoyale */ = {
			isa = PBXGroup;
			children = (
				DD17514C25E01F280032DF46 /* AppDelegate.swift */,
				DD17514E25E01F280032DF46 /* SceneDelegate.swift */,
				DD17515025E01F280032DF46 /* ViewController.swift */,
				DD17515225E01F280032DF46 /* Main.storyboard */,
				DD17515525E01F290032DF46 /* Assets.xcassets */,
				DD17515725E01F290032DF46 /* LaunchScreen.storyboard */,
				DD17515A25E01F290032DF46 /* Info.plist */,
				DD0157B225E026B000DF141D /* Utils.swift */,
				DD0157B525E0273000DF141D /* Settings.swift */,
			);
			path = ClownRoyale;
			sourceTree = "<group>";
		};
/* End PBXGroup section */

/* Begin PBXNativeTarget section */
		DD17514825E01F280032DF46 /* ClownRoyale */ = {
			isa = PBXNativeTarget;
			buildConfigurationList = DD17515D25E01F290032DF46 /* Build configuration list for PBXNativeTarget "ClownRoyale" */;
			buildPhases = (
				C5C5B1A91F7A1374788265DB /* [CP] Check Pods Manifest.lock */,
				4037435715AEADA7ACA0D107 /* [CP] Prepare Artifacts */,
				DD17514525E01F280032DF46 /* Sources */,
				DD17514625E01F280032DF46 /* Frameworks */,
				DD17514725E01F280032DF46 /* Resources */,
				9BF0351A6F85AA1A1B8725F4 /* [CP] Embed Pods Frameworks */,
			);
			buildRules = (
			);
			dependencies = (
			);
			name = ClownRoyale;
			productName = ClownRoyale;
			productReference = DD17514925E01F280032DF46 /* ClownRoyale.app */;
			productType = "com.apple.product-type.application";
		};
/* End PBXNativeTarget section */

/* Begin PBXProject section */
		DD17514125E01F280032DF46 /* Project object */ = {
			isa = PBXProject;
			attributes = {
				LastSwiftUpdateCheck = 1230;
				LastUpgradeCheck = 1230;
				TargetAttributes = {
					DD17514825E01F280032DF46 = {
						CreatedOnToolsVersion = 12.3;
					};
				};
			};
			buildConfigurationList = DD17514425E01F280032DF46 /* Build configuration list for PBXProject "ClownRoyale" */;
			compatibilityVersion = "Xcode 9.3";
			developmentRegion = en;
			hasScannedForEncodings = 0;
			knownRegions = (
				en,
				Base,
			);
			mainGroup = DD17514025E01F280032DF46;
			productRefGroup = DD17514A25E01F280032DF46 /* Products */;
			projectDirPath = "";
			projectRoot = "";
			targets = (
				DD17514825E01F280032DF46 /* ClownRoyale */,
			);
		};
/* End PBXProject section */

/* Begin PBXResourcesBuildPhase section */
		DD17514725E01F280032DF46 /* Resources */ = {
			isa = PBXResourcesBuildPhase;
			buildActionMask = 2147483647;
			files = (
				DD17515925E01F290032DF46 /* LaunchScreen.storyboard in Resources */,
				DD17515625E01F290032DF46 /* Assets.xcassets in Resources */,
				DD17515425E01F280032DF46 /* Main.storyboard in Resources */,
			);
			runOnlyForDeploymentPostprocessing = 0;
		};
/* End PBXResourcesBuildPhase section */

/* Begin PBXShellScriptBuildPhase section */
		4037435715AEADA7ACA0D107 /* [CP] Prepare Artifacts */ = {
			isa = PBXShellScriptBuildPhase;
			buildActionMask = 2147483647;
			files = (
			);
			inputFileListPaths = (
				"${PODS_ROOT}/Target Support Files/Pods-ClownRoyale/Pods-ClownRoyale-artifacts-${CONFIGURATION}-input-files.xcfilelist",
			);
			name = "[CP] Prepare Artifacts";
			outputFileListPaths = (
				"${PODS_ROOT}/Target Support Files/Pods-ClownRoyale/Pods-ClownRoyale-artifacts-${CONFIGURATION}-output-files.xcfilelist",
			);
			runOnlyForDeploymentPostprocessing = 0;
			shellPath = /bin/sh;
			shellScript = "\"${PODS_ROOT}/Target Support Files/Pods-ClownRoyale/Pods-ClownRoyale-artifacts.sh\"\n";
			showEnvVarsInLog = 0;
		};
		9BF0351A6F85AA1A1B8725F4 /* [CP] Embed Pods Frameworks */ = {
			isa = PBXShellScriptBuildPhase;
			buildActionMask = 2147483647;
			files = (
			);
			inputFileListPaths = (
				"${PODS_ROOT}/Target Support Files/Pods-ClownRoyale/Pods-ClownRoyale-frameworks-${CONFIGURATION}-input-files.xcfilelist",
			);
			name = "[CP] Embed Pods Frameworks";
			outputFileListPaths = (
				"${PODS_ROOT}/Target Support Files/Pods-ClownRoyale/Pods-ClownRoyale-frameworks-${CONFIGURATION}-output-files.xcfilelist",
			);
			runOnlyForDeploymentPostprocessing = 0;
			shellPath = /bin/sh;
			shellScript = "\"${PODS_ROOT}/Target Support Files/Pods-ClownRoyale/Pods-ClownRoyale-frameworks.sh\"\n";
			showEnvVarsInLog = 0;
		};
		C5C5B1A91F7A1374788265DB /* [CP] Check Pods Manifest.lock */ = {
			isa = PBXShellScriptBuildPhase;
			buildActionMask = 2147483647;
			files = (
			);
			inputFileListPaths = (
			);
			inputPaths = (
				"${PODS_PODFILE_DIR_PATH}/Podfile.lock",
				"${PODS_ROOT}/Manifest.lock",
			);
			name = "[CP] Check Pods Manifest.lock";
			outputFileListPaths = (
			);
			outputPaths = (
				"$(DERIVED_FILE_DIR)/Pods-ClownRoyale-checkManifestLockResult.txt",
			);
			runOnlyForDeploymentPostprocessing = 0;
			shellPath = /bin/sh;
			shellScript = "diff \"${PODS_PODFILE_DIR_PATH}/Podfile.lock\" \"${PODS_ROOT}/Manifest.lock\" > /dev/null\nif [ $? != 0 ] ; then\n    # print error to STDERR\n    echo \"error: The sandbox is not in sync with the Podfile.lock. Run 'pod install' or update your CocoaPods installation.\" >&2\n    exit 1\nfi\n# This output is used by Xcode 'outputs' to avoid re-running this script phase.\necho \"SUCCESS\" > \"${SCRIPT_OUTPUT_FILE_0}\"\n";
			showEnvVarsInLog = 0;
		};
/* End PBXShellScriptBuildPhase section */

/* Begin PBXSourcesBuildPhase section */
		DD17514525E01F280032DF46 /* Sources */ = {
			isa = PBXSourcesBuildPhase;
			buildActionMask = 2147483647;
			files = (
				DD17515125E01F280032DF46 /* ViewController.swift in Sources */,
				DD17514D25E01F280032DF46 /* AppDelegate.swift in Sources */,
				DD17514F25E01F280032DF46 /* SceneDelegate.swift in Sources */,
				DD0157B325E026B000DF141D /* Utils.swift in Sources */,
				DD0157B625E0273000DF141D /* Settings.swift in Sources */,
			);
			runOnlyForDeploymentPostprocessing = 0;
		};
/* End PBXSourcesBuildPhase section */

/* Begin PBXVariantGroup section */
		DD17515225E01F280032DF46 /* Main.storyboard */ = {
			isa = PBXVariantGroup;
			children = (
				DD17515325E01F280032DF46 /* Base */,
			);
			name = Main.storyboard;
			sourceTree = "<group>";
		};
		DD17515725E01F290032DF46 /* LaunchScreen.storyboard */ = {
			isa = PBXVariantGroup;
			children = (
				DD17515825E01F290032DF46 /* Base */,
			);
			name = LaunchScreen.storyboard;
			sourceTree = "<group>";
		};
/* End PBXVariantGroup section */

/* Begin XCBuildConfiguration section */
		DD17515B25E01F290032DF46 /* Debug */ = {
			isa = XCBuildConfiguration;
			buildSettings = {
				ALWAYS_SEARCH_USER_PATHS = NO;
				CLANG_ANALYZER_NONNULL = YES;
				CLANG_ANALYZER_NUMBER_OBJECT_CONVERSION = YES_AGGRESSIVE;
				CLANG_CXX_LANGUAGE_STANDARD = "gnu++14";
				CLANG_CXX_LIBRARY = "libc++";
				CLANG_ENABLE_MODULES = YES;
				CLANG_ENABLE_OBJC_ARC = YES;
				CLANG_ENABLE_OBJC_WEAK = YES;
				CLANG_WARN_BLOCK_CAPTURE_AUTORELEASING = YES;
				CLANG_WARN_BOOL_CONVERSION = YES;
				CLANG_WARN_COMMA = YES;
				CLANG_WARN_CONSTANT_CONVERSION = YES;
				CLANG_WARN_DEPRECATED_OBJC_IMPLEMENTATIONS = YES;
				CLANG_WARN_DIRECT_OBJC_ISA_USAGE = YES_ERROR;
				CLANG_WARN_DOCUMENTATION_COMMENTS = YES;
				CLANG_WARN_EMPTY_BODY = YES;
				CLANG_WARN_ENUM_CONVERSION = YES;
				CLANG_WARN_INFINITE_RECURSION = YES;
				CLANG_WARN_INT_CONVERSION = YES;
				CLANG_WARN_NON_LITERAL_NULL_CONVERSION = YES;
				CLANG_WARN_OBJC_IMPLICIT_RETAIN_SELF = YES;
				CLANG_WARN_OBJC_LITERAL_CONVERSION = YES;
				CLANG_WARN_OBJC_ROOT_CLASS = YES_ERROR;
				CLANG_WARN_QUOTED_INCLUDE_IN_FRAMEWORK_HEADER = YES;
				CLANG_WARN_RANGE_LOOP_ANALYSIS = YES;
				CLANG_WARN_STRICT_PROTOTYPES = YES;
				CLANG_WARN_SUSPICIOUS_MOVE = YES;
				CLANG_WARN_UNGUARDED_AVAILABILITY = YES_AGGRESSIVE;
				CLANG_WARN_UNREACHABLE_CODE = YES;
				CLANG_WARN__DUPLICATE_METHOD_MATCH = YES;
				COPY_PHASE_STRIP = NO;
				DEBUG_INFORMATION_FORMAT = dwarf;
				ENABLE_STRICT_OBJC_MSGSEND = YES;
				ENABLE_TESTABILITY = YES;
				GCC_C_LANGUAGE_STANDARD = gnu11;
				GCC_DYNAMIC_NO_PIC = NO;
				GCC_NO_COMMON_BLOCKS = YES;
				GCC_OPTIMIZATION_LEVEL = 0;
				GCC_PREPROCESSOR_DEFINITIONS = (
					"DEBUG=1",
					"$(inherited)",
				);
				GCC_WARN_64_TO_32_BIT_CONVERSION = YES;
				GCC_WARN_ABOUT_RETURN_TYPE = YES_ERROR;
				GCC_WARN_UNDECLARED_SELECTOR = YES;
				GCC_WARN_UNINITIALIZED_AUTOS = YES_AGGRESSIVE;
				GCC_WARN_UNUSED_FUNCTION = YES;
				GCC_WARN_UNUSED_VARIABLE = YES;
				IPHONEOS_DEPLOYMENT_TARGET = 14.3;
				MTL_ENABLE_DEBUG_INFO = INCLUDE_SOURCE;
				MTL_FAST_MATH = YES;
				ONLY_ACTIVE_ARCH = YES;
				SDKROOT = iphoneos;
				SWIFT_ACTIVE_COMPILATION_CONDITIONS = DEBUG;
				SWIFT_OPTIMIZATION_LEVEL = "-Onone";
			};
			name = Debug;
		};
		DD17515C25E01F290032DF46 /* Release */ = {
			isa = XCBuildConfiguration;
			buildSettings = {
				ALWAYS_SEARCH_USER_PATHS = NO;
				CLANG_ANALYZER_NONNULL = YES;
				CLANG_ANALYZER_NUMBER_OBJECT_CONVERSION = YES_AGGRESSIVE;
				CLANG_CXX_LANGUAGE_STANDARD = "gnu++14";
				CLANG_CXX_LIBRARY = "libc++";
				CLANG_ENABLE_MODULES = YES;
				CLANG_ENABLE_OBJC_ARC = YES;
				CLANG_ENABLE_OBJC_WEAK = YES;
				CLANG_WARN_BLOCK_CAPTURE_AUTORELEASING = YES;
				CLANG_WARN_BOOL_CONVERSION = YES;
				CLANG_WARN_COMMA = YES;
				CLANG_WARN_CONSTANT_CONVERSION = YES;
				CLANG_WARN_DEPRECATED_OBJC_IMPLEMENTATIONS = YES;
				CLANG_WARN_DIRECT_OBJC_ISA_USAGE = YES_ERROR;
				CLANG_WARN_DOCUMENTATION_COMMENTS = YES;
				CLANG_WARN_EMPTY_BODY = YES;
				CLANG_WARN_ENUM_CONVERSION = YES;
				CLANG_WARN_INFINITE_RECURSION = YES;
				CLANG_WARN_INT_CONVERSION = YES;
				CLANG_WARN_NON_LITERAL_NULL_CONVERSION = YES;
				CLANG_WARN_OBJC_IMPLICIT_RETAIN_SELF = YES;
				CLANG_WARN_OBJC_LITERAL_CONVERSION = YES;
				CLANG_WARN_OBJC_ROOT_CLASS = YES_ERROR;
				CLANG_WARN_QUOTED_INCLUDE_IN_FRAMEWORK_HEADER = YES;
				CLANG_WARN_RANGE_LOOP_ANALYSIS = YES;
				CLANG_WARN_STRICT_PROTOTYPES = YES;
				CLANG_WARN_SUSPICIOUS_MOVE = YES;
				CLANG_WARN_UNGUARDED_AVAILABILITY = YES_AGGRESSIVE;
				CLANG_WARN_UNREACHABLE_CODE = YES;
				CLANG_WARN__DUPLICATE_METHOD_MATCH = YES;
				COPY_PHASE_STRIP = NO;
				DEBUG_INFORMATION_FORMAT = "dwarf-with-dsym";
				ENABLE_NS_ASSERTIONS = NO;
				ENABLE_STRICT_OBJC_MSGSEND = YES;
				GCC_C_LANGUAGE_STANDARD = gnu11;
				GCC_NO_COMMON_BLOCKS = YES;
				GCC_WARN_64_TO_32_BIT_CONVERSION = YES;
				GCC_WARN_ABOUT_RETURN_TYPE = YES_ERROR;
				GCC_WARN_UNDECLARED_SELECTOR = YES;
				GCC_WARN_UNINITIALIZED_AUTOS = YES_AGGRESSIVE;
				GCC_WARN_UNUSED_FUNCTION = YES;
				GCC_WARN_UNUSED_VARIABLE = YES;
				IPHONEOS_DEPLOYMENT_TARGET = 14.3;
				MTL_ENABLE_DEBUG_INFO = NO;
				MTL_FAST_MATH = YES;
				SDKROOT = iphoneos;
				SWIFT_COMPILATION_MODE = wholemodule;
				SWIFT_OPTIMIZATION_LEVEL = "-O";
				VALIDATE_PRODUCT = YES;
			};
			name = Release;
		};
		DD17515E25E01F290032DF46 /* Debug */ = {
			isa = XCBuildConfiguration;
			baseConfigurationReference = 2E03616A3B762FEE465CF629 /* Pods-ClownRoyale.debug.xcconfig */;
			buildSettings = {
				ASSETCATALOG_COMPILER_APPICON_NAME = AppIcon;
				ASSETCATALOG_COMPILER_GLOBAL_ACCENT_COLOR_NAME = AccentColor;
				CODE_SIGN_STYLE = Automatic;
				DEVELOPMENT_TEAM = R2MS7GG386;
				INFOPLIST_FILE = ClownRoyale/Info.plist;
				LD_RUNPATH_SEARCH_PATHS = (
					"$(inherited)",
					"@executable_path/Frameworks",
				);
				PRODUCT_BUNDLE_IDENTIFIER = at.ac.htlleonding.clowns.ClownRoyale;
				PRODUCT_NAME = "$(TARGET_NAME)";
				SWIFT_VERSION = 5.0;
				TARGETED_DEVICE_FAMILY = "1,2";
			};
			name = Debug;
		};
		DD17515F25E01F290032DF46 /* Release */ = {
			isa = XCBuildConfiguration;
			baseConfigurationReference = E498B5345719F530DE2C79D0 /* Pods-ClownRoyale.release.xcconfig */;
			buildSettings = {
				ASSETCATALOG_COMPILER_APPICON_NAME = AppIcon;
				ASSETCATALOG_COMPILER_GLOBAL_ACCENT_COLOR_NAME = AccentColor;
				CODE_SIGN_STYLE = Automatic;
				DEVELOPMENT_TEAM = R2MS7GG386;
				INFOPLIST_FILE = ClownRoyale/Info.plist;
				LD_RUNPATH_SEARCH_PATHS = (
					"$(inherited)",
					"@executable_path/Frameworks",
				);
				PRODUCT_BUNDLE_IDENTIFIER = at.ac.htlleonding.clowns.ClownRoyale;
				PRODUCT_NAME = "$(TARGET_NAME)";
				SWIFT_VERSION = 5.0;
				TARGETED_DEVICE_FAMILY = "1,2";
			};
			name = Release;
		};
/* End XCBuildConfiguration section */

/* Begin XCConfigurationList section */
		DD17514425E01F280032DF46 /* Build configuration list for PBXProject "ClownRoyale" */ = {
			isa = XCConfigurationList;
			buildConfigurations = (
				DD17515B25E01F290032DF46 /* Debug */,
				DD17515C25E01F290032DF46 /* Release */,
			);
			defaultConfigurationIsVisible = 0;
			defaultConfigurationName = Release;
		};
		DD17515D25E01F290032DF46 /* Build configuration list for PBXNativeTarget "ClownRoyale" */ = {
			isa = XCConfigurationList;
			buildConfigurations = (
				DD17515E25E01F290032DF46 /* Debug */,
				DD17515F25E01F290032DF46 /* Release */,
			);
			defaultConfigurationIsVisible = 0;
			defaultConfigurationName = Release;
		};
/* End XCConfigurationList section */
	};
	rootObject = DD17514125E01F280032DF46 /* Project object */;
}
